// !$*UTF8*$!
{
	archiveVersion = 1;
	classes = {
	};
	objectVersion = 56;
	objects = {

/* Begin PBXBuildFile section */
		8517642A2A82C1CE00FAC720 /* Figures_Recogniser_UI.swift in Sources */ = {isa = PBXBuildFile; fileRef = 851764292A82C1CE00FAC720 /* Figures_Recogniser_UI.swift */; };
		85618B592A6817EE00A64549 /* ML_watchOS Watch App.app in Embed Watch Content */ = {isa = PBXBuildFile; fileRef = 85618B582A6817EE00A64549 /* ML_watchOS Watch App.app */; settings = {ATTRIBUTES = (RemoveHeadersOnCopy, ); }; };
		85618B5E2A6817EE00A64549 /* ML_watchOSApp.swift in Sources */ = {isa = PBXBuildFile; fileRef = 85618B5D2A6817EE00A64549 /* ML_watchOSApp.swift */; };
		85618B622A6817EF00A64549 /* Assets.xcassets in Resources */ = {isa = PBXBuildFile; fileRef = 85618B612A6817EF00A64549 /* Assets.xcassets */; };
		85618B652A6817EF00A64549 /* Preview Assets.xcassets in Resources */ = {isa = PBXBuildFile; fileRef = 85618B642A6817EF00A64549 /* Preview Assets.xcassets */; };
		85618B6F2A6817EF00A64549 /* ML_watchOS_Watch_AppTests.swift in Sources */ = {isa = PBXBuildFile; fileRef = 85618B6E2A6817EF00A64549 /* ML_watchOS_Watch_AppTests.swift */; };
		85618B792A6817EF00A64549 /* ML_watchOS_Watch_AppUITests.swift in Sources */ = {isa = PBXBuildFile; fileRef = 85618B782A6817EF00A64549 /* ML_watchOS_Watch_AppUITests.swift */; };
		85618B7B2A6817EF00A64549 /* ML_watchOS_Watch_AppUITestsLaunchTests.swift in Sources */ = {isa = PBXBuildFile; fileRef = 85618B7A2A6817EF00A64549 /* ML_watchOS_Watch_AppUITestsLaunchTests.swift */; };
		85618B922A68187F00A64549 /* Math.docc in Sources */ = {isa = PBXBuildFile; fileRef = 85618B912A68187F00A64549 /* Math.docc */; };
		85618B982A68187F00A64549 /* Math.framework in Frameworks */ = {isa = PBXBuildFile; fileRef = 85618B8E2A68187F00A64549 /* Math.framework */; };
		85618B9F2A68187F00A64549 /* MathTests.swift in Sources */ = {isa = PBXBuildFile; fileRef = 85618B9E2A68187F00A64549 /* MathTests.swift */; };
		85618BA02A68187F00A64549 /* Math.h in Headers */ = {isa = PBXBuildFile; fileRef = 85618B902A68187F00A64549 /* Math.h */; settings = {ATTRIBUTES = (Public, ); }; };
		85618BA32A68187F00A64549 /* Math.framework in Frameworks */ = {isa = PBXBuildFile; fileRef = 85618B8E2A68187F00A64549 /* Math.framework */; };
		85618BA42A68187F00A64549 /* Math.framework in Embed Frameworks */ = {isa = PBXBuildFile; fileRef = 85618B8E2A68187F00A64549 /* Math.framework */; settings = {ATTRIBUTES = (CodeSignOnCopy, RemoveHeadersOnCopy, ); }; };
		85618BB52A6818BF00A64549 /* Plot.docc in Sources */ = {isa = PBXBuildFile; fileRef = 85618BB42A6818BF00A64549 /* Plot.docc */; };
		85618BBB2A6818BF00A64549 /* Plot.framework in Frameworks */ = {isa = PBXBuildFile; fileRef = 85618BB12A6818BF00A64549 /* Plot.framework */; };
		85618BC22A6818C000A64549 /* PlotTests.swift in Sources */ = {isa = PBXBuildFile; fileRef = 85618BC12A6818C000A64549 /* PlotTests.swift */; };
		85618BC32A6818C000A64549 /* Plot.h in Headers */ = {isa = PBXBuildFile; fileRef = 85618BB32A6818BF00A64549 /* Plot.h */; settings = {ATTRIBUTES = (Public, ); }; };
		85618BC62A6818C000A64549 /* Plot.framework in Frameworks */ = {isa = PBXBuildFile; fileRef = 85618BB12A6818BF00A64549 /* Plot.framework */; };
		85618BC72A6818C000A64549 /* Plot.framework in Embed Frameworks */ = {isa = PBXBuildFile; fileRef = 85618BB12A6818BF00A64549 /* Plot.framework */; settings = {ATTRIBUTES = (CodeSignOnCopy, RemoveHeadersOnCopy, ); }; };
		85618BCE2A6818F300A64549 /* Plot2D_UI.swift in Sources */ = {isa = PBXBuildFile; fileRef = 85B989532A67FB7900EC1E8F /* Plot2D_UI.swift */; };
		85618BCF2A6818F600A64549 /* Geometry.swift in Sources */ = {isa = PBXBuildFile; fileRef = 85618B4F2A680C5500A64549 /* Geometry.swift */; };
		85618BD02A6818FB00A64549 /* ML.swift in Sources */ = {isa = PBXBuildFile; fileRef = 85B989512A67FB7900EC1E8F /* ML.swift */; };
		85618BD12A6818FB00A64549 /* LinAlg.swift in Sources */ = {isa = PBXBuildFile; fileRef = 85B989522A67FB7900EC1E8F /* LinAlg.swift */; };
		85618BD32A681C0100A64549 /* Regression1_UI.swift in Sources */ = {isa = PBXBuildFile; fileRef = 85618BD22A681C0100A64549 /* Regression1_UI.swift */; };
		85618BD92A681CB900A64549 /* Math.framework in Frameworks */ = {isa = PBXBuildFile; fileRef = 85618B8E2A68187F00A64549 /* Math.framework */; };
		85618BDA2A681CB900A64549 /* Math.framework in Embed Frameworks */ = {isa = PBXBuildFile; fileRef = 85618B8E2A68187F00A64549 /* Math.framework */; settings = {ATTRIBUTES = (CodeSignOnCopy, RemoveHeadersOnCopy, ); }; };
		85618BDE2A681CBC00A64549 /* Plot.framework in Frameworks */ = {isa = PBXBuildFile; fileRef = 85618BB12A6818BF00A64549 /* Plot.framework */; };
		85618BDF2A681CBC00A64549 /* Plot.framework in Embed Frameworks */ = {isa = PBXBuildFile; fileRef = 85618BB12A6818BF00A64549 /* Plot.framework */; settings = {ATTRIBUTES = (CodeSignOnCopy, RemoveHeadersOnCopy, ); }; };
		857D89A72A817D020026909C /* NN in Resources */ = {isa = PBXBuildFile; fileRef = 857D89A62A817D020026909C /* NN */; };
		85B989262A67FB4C00EC1E8F /* ML_iOSApp.swift in Sources */ = {isa = PBXBuildFile; fileRef = 85B989252A67FB4C00EC1E8F /* ML_iOSApp.swift */; };
		85B9892A2A67FB4C00EC1E8F /* Assets.xcassets in Resources */ = {isa = PBXBuildFile; fileRef = 85B989292A67FB4C00EC1E8F /* Assets.xcassets */; };
		85B9892E2A67FB4C00EC1E8F /* Preview Assets.xcassets in Resources */ = {isa = PBXBuildFile; fileRef = 85B9892D2A67FB4C00EC1E8F /* Preview Assets.xcassets */; };
		85B989382A67FB4C00EC1E8F /* ML_iOSTests.swift in Sources */ = {isa = PBXBuildFile; fileRef = 85B989372A67FB4C00EC1E8F /* ML_iOSTests.swift */; };
		85B989422A67FB4C00EC1E8F /* ML_iOSUITests.swift in Sources */ = {isa = PBXBuildFile; fileRef = 85B989412A67FB4C00EC1E8F /* ML_iOSUITests.swift */; };
		85B989442A67FB4C00EC1E8F /* ML_iOSUITestsLaunchTests.swift in Sources */ = {isa = PBXBuildFile; fileRef = 85B989432A67FB4C00EC1E8F /* ML_iOSUITestsLaunchTests.swift */; };
		85B989542A67FB7900EC1E8F /* Regression1_UI.swift in Sources */ = {isa = PBXBuildFile; fileRef = 85B989502A67FB7900EC1E8F /* Regression1_UI.swift */; };
		85F8B2EB2A74219900717CB5 /* Paint_UI.swift in Sources */ = {isa = PBXBuildFile; fileRef = 85F8B2EA2A74219900717CB5 /* Paint_UI.swift */; };
		85F8B2ED2A7422B300717CB5 /* Figures_Recogniser_UI.swift in Sources */ = {isa = PBXBuildFile; fileRef = 85F8B2EC2A7422B300717CB5 /* Figures_Recogniser_UI.swift */; };
		A57350B52A7E41CE00FBBE09 /* Neuron.swift in Sources */ = {isa = PBXBuildFile; fileRef = A57350B42A7E41CE00FBBE09 /* Neuron.swift */; };
		A57350BA2A7E420000FBBE09 /* NeuralNetworkLayer.swift in Sources */ = {isa = PBXBuildFile; fileRef = A57350B92A7E420000FBBE09 /* NeuralNetworkLayer.swift */; };
		A57350C72A7E9EC300FBBE09 /* NeuralNetwork.swift in Sources */ = {isa = PBXBuildFile; fileRef = A57350C62A7E9EC300FBBE09 /* NeuralNetwork.swift */; };
/* End PBXBuildFile section */

/* Begin PBXContainerItemProxy section */
		85618B5A2A6817EE00A64549 /* PBXContainerItemProxy */ = {
			isa = PBXContainerItemProxy;
			containerPortal = 85B9891A2A67FB4C00EC1E8F /* Project object */;
			proxyType = 1;
			remoteGlobalIDString = 85618B572A6817EE00A64549;
			remoteInfo = "ML_watchOS Watch App";
		};
		85618B6B2A6817EF00A64549 /* PBXContainerItemProxy */ = {
			isa = PBXContainerItemProxy;
			containerPortal = 85B9891A2A67FB4C00EC1E8F /* Project object */;
			proxyType = 1;
			remoteGlobalIDString = 85618B572A6817EE00A64549;
			remoteInfo = "ML_watchOS Watch App";
		};
		85618B752A6817EF00A64549 /* PBXContainerItemProxy */ = {
			isa = PBXContainerItemProxy;
			containerPortal = 85B9891A2A67FB4C00EC1E8F /* Project object */;
			proxyType = 1;
			remoteGlobalIDString = 85618B572A6817EE00A64549;
			remoteInfo = "ML_watchOS Watch App";
		};
		85618B992A68187F00A64549 /* PBXContainerItemProxy */ = {
			isa = PBXContainerItemProxy;
			containerPortal = 85B9891A2A67FB4C00EC1E8F /* Project object */;
			proxyType = 1;
			remoteGlobalIDString = 85618B8D2A68187F00A64549;
			remoteInfo = Math;
		};
		85618B9B2A68187F00A64549 /* PBXContainerItemProxy */ = {
			isa = PBXContainerItemProxy;
			containerPortal = 85B9891A2A67FB4C00EC1E8F /* Project object */;
			proxyType = 1;
			remoteGlobalIDString = 85B989212A67FB4C00EC1E8F;
			remoteInfo = ML_iOS;
		};
		85618BA12A68187F00A64549 /* PBXContainerItemProxy */ = {
			isa = PBXContainerItemProxy;
			containerPortal = 85B9891A2A67FB4C00EC1E8F /* Project object */;
			proxyType = 1;
			remoteGlobalIDString = 85618B8D2A68187F00A64549;
			remoteInfo = Math;
		};
		85618BBC2A6818BF00A64549 /* PBXContainerItemProxy */ = {
			isa = PBXContainerItemProxy;
			containerPortal = 85B9891A2A67FB4C00EC1E8F /* Project object */;
			proxyType = 1;
			remoteGlobalIDString = 85618BB02A6818BF00A64549;
			remoteInfo = Plot;
		};
		85618BBE2A6818C000A64549 /* PBXContainerItemProxy */ = {
			isa = PBXContainerItemProxy;
			containerPortal = 85B9891A2A67FB4C00EC1E8F /* Project object */;
			proxyType = 1;
			remoteGlobalIDString = 85B989212A67FB4C00EC1E8F;
			remoteInfo = ML_iOS;
		};
		85618BC42A6818C000A64549 /* PBXContainerItemProxy */ = {
			isa = PBXContainerItemProxy;
			containerPortal = 85B9891A2A67FB4C00EC1E8F /* Project object */;
			proxyType = 1;
			remoteGlobalIDString = 85618BB02A6818BF00A64549;
			remoteInfo = Plot;
		};
		85618BDB2A681CB900A64549 /* PBXContainerItemProxy */ = {
			isa = PBXContainerItemProxy;
			containerPortal = 85B9891A2A67FB4C00EC1E8F /* Project object */;
			proxyType = 1;
			remoteGlobalIDString = 85618B8D2A68187F00A64549;
			remoteInfo = Math;
		};
		85618BE02A681CBC00A64549 /* PBXContainerItemProxy */ = {
			isa = PBXContainerItemProxy;
			containerPortal = 85B9891A2A67FB4C00EC1E8F /* Project object */;
			proxyType = 1;
			remoteGlobalIDString = 85618BB02A6818BF00A64549;
			remoteInfo = Plot;
		};
		85B989342A67FB4C00EC1E8F /* PBXContainerItemProxy */ = {
			isa = PBXContainerItemProxy;
			containerPortal = 85B9891A2A67FB4C00EC1E8F /* Project object */;
			proxyType = 1;
			remoteGlobalIDString = 85B989212A67FB4C00EC1E8F;
			remoteInfo = ML_iOS;
		};
		85B9893E2A67FB4C00EC1E8F /* PBXContainerItemProxy */ = {
			isa = PBXContainerItemProxy;
			containerPortal = 85B9891A2A67FB4C00EC1E8F /* Project object */;
			proxyType = 1;
			remoteGlobalIDString = 85B989212A67FB4C00EC1E8F;
			remoteInfo = ML_iOS;
		};
/* End PBXContainerItemProxy section */

/* Begin PBXCopyFilesBuildPhase section */
		85618B7F2A6817EF00A64549 /* Embed Watch Content */ = {
			isa = PBXCopyFilesBuildPhase;
			buildActionMask = 2147483647;
			dstPath = "$(CONTENTS_FOLDER_PATH)/Watch";
			dstSubfolderSpec = 16;
			files = (
				85618B592A6817EE00A64549 /* ML_watchOS Watch App.app in Embed Watch Content */,
			);
			name = "Embed Watch Content";
			runOnlyForDeploymentPostprocessing = 0;
		};
		85618BA82A68187F00A64549 /* Embed Frameworks */ = {
			isa = PBXCopyFilesBuildPhase;
			buildActionMask = 2147483647;
			dstPath = "";
			dstSubfolderSpec = 10;
			files = (
				85618BA42A68187F00A64549 /* Math.framework in Embed Frameworks */,
				85618BC72A6818C000A64549 /* Plot.framework in Embed Frameworks */,
			);
			name = "Embed Frameworks";
			runOnlyForDeploymentPostprocessing = 0;
		};
		85618BDD2A681CB900A64549 /* Embed Frameworks */ = {
			isa = PBXCopyFilesBuildPhase;
			buildActionMask = 2147483647;
			dstPath = "";
			dstSubfolderSpec = 10;
			files = (
				85618BDA2A681CB900A64549 /* Math.framework in Embed Frameworks */,
				85618BDF2A681CBC00A64549 /* Plot.framework in Embed Frameworks */,
			);
			name = "Embed Frameworks";
			runOnlyForDeploymentPostprocessing = 0;
		};
/* End PBXCopyFilesBuildPhase section */

/* Begin PBXFileReference section */
		851764292A82C1CE00FAC720 /* Figures_Recogniser_UI.swift */ = {isa = PBXFileReference; lastKnownFileType = sourcecode.swift; path = Figures_Recogniser_UI.swift; sourceTree = "<group>"; };
		85618B4F2A680C5500A64549 /* Geometry.swift */ = {isa = PBXFileReference; lastKnownFileType = sourcecode.swift; path = Geometry.swift; sourceTree = "<group>"; };
		85618B532A6817EE00A64549 /* ML_watchOS.app */ = {isa = PBXFileReference; explicitFileType = wrapper.application; includeInIndex = 0; path = ML_watchOS.app; sourceTree = BUILT_PRODUCTS_DIR; };
		85618B582A6817EE00A64549 /* ML_watchOS Watch App.app */ = {isa = PBXFileReference; explicitFileType = wrapper.application; includeInIndex = 0; path = "ML_watchOS Watch App.app"; sourceTree = BUILT_PRODUCTS_DIR; };
		85618B5D2A6817EE00A64549 /* ML_watchOSApp.swift */ = {isa = PBXFileReference; lastKnownFileType = sourcecode.swift; path = ML_watchOSApp.swift; sourceTree = "<group>"; };
		85618B612A6817EF00A64549 /* Assets.xcassets */ = {isa = PBXFileReference; lastKnownFileType = folder.assetcatalog; path = Assets.xcassets; sourceTree = "<group>"; };
		85618B642A6817EF00A64549 /* Preview Assets.xcassets */ = {isa = PBXFileReference; lastKnownFileType = folder.assetcatalog; path = "Preview Assets.xcassets"; sourceTree = "<group>"; };
		85618B6A2A6817EF00A64549 /* ML_watchOS Watch AppTests.xctest */ = {isa = PBXFileReference; explicitFileType = wrapper.cfbundle; includeInIndex = 0; path = "ML_watchOS Watch AppTests.xctest"; sourceTree = BUILT_PRODUCTS_DIR; };
		85618B6E2A6817EF00A64549 /* ML_watchOS_Watch_AppTests.swift */ = {isa = PBXFileReference; lastKnownFileType = sourcecode.swift; path = ML_watchOS_Watch_AppTests.swift; sourceTree = "<group>"; };
		85618B742A6817EF00A64549 /* ML_watchOS Watch AppUITests.xctest */ = {isa = PBXFileReference; explicitFileType = wrapper.cfbundle; includeInIndex = 0; path = "ML_watchOS Watch AppUITests.xctest"; sourceTree = BUILT_PRODUCTS_DIR; };
		85618B782A6817EF00A64549 /* ML_watchOS_Watch_AppUITests.swift */ = {isa = PBXFileReference; lastKnownFileType = sourcecode.swift; path = ML_watchOS_Watch_AppUITests.swift; sourceTree = "<group>"; };
		85618B7A2A6817EF00A64549 /* ML_watchOS_Watch_AppUITestsLaunchTests.swift */ = {isa = PBXFileReference; lastKnownFileType = sourcecode.swift; path = ML_watchOS_Watch_AppUITestsLaunchTests.swift; sourceTree = "<group>"; };
		85618B8E2A68187F00A64549 /* Math.framework */ = {isa = PBXFileReference; explicitFileType = wrapper.framework; includeInIndex = 0; path = Math.framework; sourceTree = BUILT_PRODUCTS_DIR; };
		85618B902A68187F00A64549 /* Math.h */ = {isa = PBXFileReference; lastKnownFileType = sourcecode.c.h; path = Math.h; sourceTree = "<group>"; };
		85618B912A68187F00A64549 /* Math.docc */ = {isa = PBXFileReference; lastKnownFileType = folder.documentationcatalog; path = Math.docc; sourceTree = "<group>"; };
		85618B972A68187F00A64549 /* MathTests.xctest */ = {isa = PBXFileReference; explicitFileType = wrapper.cfbundle; includeInIndex = 0; path = MathTests.xctest; sourceTree = BUILT_PRODUCTS_DIR; };
		85618B9E2A68187F00A64549 /* MathTests.swift */ = {isa = PBXFileReference; lastKnownFileType = sourcecode.swift; path = MathTests.swift; sourceTree = "<group>"; };
		85618BB12A6818BF00A64549 /* Plot.framework */ = {isa = PBXFileReference; explicitFileType = wrapper.framework; includeInIndex = 0; path = Plot.framework; sourceTree = BUILT_PRODUCTS_DIR; };
		85618BB32A6818BF00A64549 /* Plot.h */ = {isa = PBXFileReference; lastKnownFileType = sourcecode.c.h; path = Plot.h; sourceTree = "<group>"; };
		85618BB42A6818BF00A64549 /* Plot.docc */ = {isa = PBXFileReference; lastKnownFileType = folder.documentationcatalog; path = Plot.docc; sourceTree = "<group>"; };
		85618BBA2A6818BF00A64549 /* PlotTests.xctest */ = {isa = PBXFileReference; explicitFileType = wrapper.cfbundle; includeInIndex = 0; path = PlotTests.xctest; sourceTree = BUILT_PRODUCTS_DIR; };
		85618BC12A6818C000A64549 /* PlotTests.swift */ = {isa = PBXFileReference; lastKnownFileType = sourcecode.swift; path = PlotTests.swift; sourceTree = "<group>"; };
		85618BD22A681C0100A64549 /* Regression1_UI.swift */ = {isa = PBXFileReference; fileEncoding = 4; lastKnownFileType = sourcecode.swift; path = Regression1_UI.swift; sourceTree = "<group>"; };
		857D89A62A817D020026909C /* NN */ = {isa = PBXFileReference; fileEncoding = 4; lastKnownFileType = text; path = NN; sourceTree = SOURCE_ROOT; };
		85B989222A67FB4C00EC1E8F /* ML_iOS.app */ = {isa = PBXFileReference; explicitFileType = wrapper.application; includeInIndex = 0; path = ML_iOS.app; sourceTree = BUILT_PRODUCTS_DIR; };
		85B989252A67FB4C00EC1E8F /* ML_iOSApp.swift */ = {isa = PBXFileReference; lastKnownFileType = sourcecode.swift; path = ML_iOSApp.swift; sourceTree = "<group>"; };
		85B989292A67FB4C00EC1E8F /* Assets.xcassets */ = {isa = PBXFileReference; lastKnownFileType = folder.assetcatalog; path = Assets.xcassets; sourceTree = "<group>"; };
		85B9892B2A67FB4C00EC1E8F /* ML_iOS.entitlements */ = {isa = PBXFileReference; lastKnownFileType = text.plist.entitlements; path = ML_iOS.entitlements; sourceTree = "<group>"; };
		85B9892D2A67FB4C00EC1E8F /* Preview Assets.xcassets */ = {isa = PBXFileReference; lastKnownFileType = folder.assetcatalog; path = "Preview Assets.xcassets"; sourceTree = "<group>"; };
		85B989332A67FB4C00EC1E8F /* ML_iOSTests.xctest */ = {isa = PBXFileReference; explicitFileType = wrapper.cfbundle; includeInIndex = 0; path = ML_iOSTests.xctest; sourceTree = BUILT_PRODUCTS_DIR; };
		85B989372A67FB4C00EC1E8F /* ML_iOSTests.swift */ = {isa = PBXFileReference; lastKnownFileType = sourcecode.swift; path = ML_iOSTests.swift; sourceTree = "<group>"; };
		85B9893D2A67FB4C00EC1E8F /* ML_iOSUITests.xctest */ = {isa = PBXFileReference; explicitFileType = wrapper.cfbundle; includeInIndex = 0; path = ML_iOSUITests.xctest; sourceTree = BUILT_PRODUCTS_DIR; };
		85B989412A67FB4C00EC1E8F /* ML_iOSUITests.swift */ = {isa = PBXFileReference; lastKnownFileType = sourcecode.swift; path = ML_iOSUITests.swift; sourceTree = "<group>"; };
		85B989432A67FB4C00EC1E8F /* ML_iOSUITestsLaunchTests.swift */ = {isa = PBXFileReference; lastKnownFileType = sourcecode.swift; path = ML_iOSUITestsLaunchTests.swift; sourceTree = "<group>"; };
		85B989502A67FB7900EC1E8F /* Regression1_UI.swift */ = {isa = PBXFileReference; fileEncoding = 4; lastKnownFileType = sourcecode.swift; path = Regression1_UI.swift; sourceTree = "<group>"; };
		85B989512A67FB7900EC1E8F /* ML.swift */ = {isa = PBXFileReference; fileEncoding = 4; lastKnownFileType = sourcecode.swift; path = ML.swift; sourceTree = "<group>"; };
		85B989522A67FB7900EC1E8F /* LinAlg.swift */ = {isa = PBXFileReference; fileEncoding = 4; lastKnownFileType = sourcecode.swift; path = LinAlg.swift; sourceTree = "<group>"; };
		85B989532A67FB7900EC1E8F /* Plot2D_UI.swift */ = {isa = PBXFileReference; fileEncoding = 4; lastKnownFileType = sourcecode.swift; path = Plot2D_UI.swift; sourceTree = "<group>"; };
		85F8B2EA2A74219900717CB5 /* Paint_UI.swift */ = {isa = PBXFileReference; lastKnownFileType = sourcecode.swift; path = Paint_UI.swift; sourceTree = "<group>"; };
		85F8B2EC2A7422B300717CB5 /* Figures_Recogniser_UI.swift */ = {isa = PBXFileReference; lastKnownFileType = sourcecode.swift; path = Figures_Recogniser_UI.swift; sourceTree = "<group>"; };
		A57350B42A7E41CE00FBBE09 /* Neuron.swift */ = {isa = PBXFileReference; lastKnownFileType = sourcecode.swift; path = Neuron.swift; sourceTree = "<group>"; };
		A57350B92A7E420000FBBE09 /* NeuralNetworkLayer.swift */ = {isa = PBXFileReference; lastKnownFileType = sourcecode.swift; path = NeuralNetworkLayer.swift; sourceTree = "<group>"; };
		A57350C62A7E9EC300FBBE09 /* NeuralNetwork.swift */ = {isa = PBXFileReference; lastKnownFileType = sourcecode.swift; path = NeuralNetwork.swift; sourceTree = "<group>"; };
/* End PBXFileReference section */

/* Begin PBXFrameworksBuildPhase section */
		85618B552A6817EE00A64549 /* Frameworks */ = {
			isa = PBXFrameworksBuildPhase;
			buildActionMask = 2147483647;
			files = (
				85618BD92A681CB900A64549 /* Math.framework in Frameworks */,
				85618BDE2A681CBC00A64549 /* Plot.framework in Frameworks */,
			);
			runOnlyForDeploymentPostprocessing = 0;
		};
		85618B672A6817EF00A64549 /* Frameworks */ = {
			isa = PBXFrameworksBuildPhase;
			buildActionMask = 2147483647;
			files = (
			);
			runOnlyForDeploymentPostprocessing = 0;
		};
		85618B712A6817EF00A64549 /* Frameworks */ = {
			isa = PBXFrameworksBuildPhase;
			buildActionMask = 2147483647;
			files = (
			);
			runOnlyForDeploymentPostprocessing = 0;
		};
		85618B8B2A68187F00A64549 /* Frameworks */ = {
			isa = PBXFrameworksBuildPhase;
			buildActionMask = 2147483647;
			files = (
			);
			runOnlyForDeploymentPostprocessing = 0;
		};
		85618B942A68187F00A64549 /* Frameworks */ = {
			isa = PBXFrameworksBuildPhase;
			buildActionMask = 2147483647;
			files = (
				85618B982A68187F00A64549 /* Math.framework in Frameworks */,
			);
			runOnlyForDeploymentPostprocessing = 0;
		};
		85618BAE2A6818BF00A64549 /* Frameworks */ = {
			isa = PBXFrameworksBuildPhase;
			buildActionMask = 2147483647;
			files = (
			);
			runOnlyForDeploymentPostprocessing = 0;
		};
		85618BB72A6818BF00A64549 /* Frameworks */ = {
			isa = PBXFrameworksBuildPhase;
			buildActionMask = 2147483647;
			files = (
				85618BBB2A6818BF00A64549 /* Plot.framework in Frameworks */,
			);
			runOnlyForDeploymentPostprocessing = 0;
		};
		85B9891F2A67FB4C00EC1E8F /* Frameworks */ = {
			isa = PBXFrameworksBuildPhase;
			buildActionMask = 2147483647;
			files = (
				85618BA32A68187F00A64549 /* Math.framework in Frameworks */,
				85618BC62A6818C000A64549 /* Plot.framework in Frameworks */,
			);
			runOnlyForDeploymentPostprocessing = 0;
		};
		85B989302A67FB4C00EC1E8F /* Frameworks */ = {
			isa = PBXFrameworksBuildPhase;
			buildActionMask = 2147483647;
			files = (
			);
			runOnlyForDeploymentPostprocessing = 0;
		};
		85B9893A2A67FB4C00EC1E8F /* Frameworks */ = {
			isa = PBXFrameworksBuildPhase;
			buildActionMask = 2147483647;
			files = (
			);
			runOnlyForDeploymentPostprocessing = 0;
		};
/* End PBXFrameworksBuildPhase section */

/* Begin PBXGroup section */
		85618B4E2A6802B200A64549 /* View */ = {
			isa = PBXGroup;
			children = (
				85B989502A67FB7900EC1E8F /* Regression1_UI.swift */,
				85F8B2EC2A7422B300717CB5 /* Figures_Recogniser_UI.swift */,
			);
			path = View;
			sourceTree = "<group>";
		};
		85618B5C2A6817EE00A64549 /* ML_watchOS Watch App */ = {
			isa = PBXGroup;
			children = (
				85618BD22A681C0100A64549 /* Regression1_UI.swift */,
				85618B5D2A6817EE00A64549 /* ML_watchOSApp.swift */,
				85618B612A6817EF00A64549 /* Assets.xcassets */,
				85618B632A6817EF00A64549 /* Preview Content */,
				851764292A82C1CE00FAC720 /* Figures_Recogniser_UI.swift */,
			);
			path = "ML_watchOS Watch App";
			sourceTree = "<group>";
		};
		85618B632A6817EF00A64549 /* Preview Content */ = {
			isa = PBXGroup;
			children = (
				85618B642A6817EF00A64549 /* Preview Assets.xcassets */,
			);
			path = "Preview Content";
			sourceTree = "<group>";
		};
		85618B6D2A6817EF00A64549 /* ML_watchOS Watch AppTests */ = {
			isa = PBXGroup;
			children = (
				85618B6E2A6817EF00A64549 /* ML_watchOS_Watch_AppTests.swift */,
			);
			path = "ML_watchOS Watch AppTests";
			sourceTree = "<group>";
		};
		85618B772A6817EF00A64549 /* ML_watchOS Watch AppUITests */ = {
			isa = PBXGroup;
			children = (
				85618B782A6817EF00A64549 /* ML_watchOS_Watch_AppUITests.swift */,
				85618B7A2A6817EF00A64549 /* ML_watchOS_Watch_AppUITestsLaunchTests.swift */,
			);
			path = "ML_watchOS Watch AppUITests";
			sourceTree = "<group>";
		};
		85618B8F2A68187F00A64549 /* Math */ = {
			isa = PBXGroup;
			children = (
				A57350A62A7E3A7500FBBE09 /* NeuralNetwork */,
				85B989512A67FB7900EC1E8F /* ML.swift */,
				85B989522A67FB7900EC1E8F /* LinAlg.swift */,
				85618B902A68187F00A64549 /* Math.h */,
				85618B912A68187F00A64549 /* Math.docc */,
			);
			path = Math;
			sourceTree = SOURCE_ROOT;
		};
		85618B9D2A68187F00A64549 /* MathTests */ = {
			isa = PBXGroup;
			children = (
				85618B9E2A68187F00A64549 /* MathTests.swift */,
			);
			path = MathTests;
			sourceTree = "<group>";
		};
		85618BB22A6818BF00A64549 /* Plot */ = {
			isa = PBXGroup;
			children = (
				85F8B2EA2A74219900717CB5 /* Paint_UI.swift */,
				85B989532A67FB7900EC1E8F /* Plot2D_UI.swift */,
				85618B4F2A680C5500A64549 /* Geometry.swift */,
				85618BB32A6818BF00A64549 /* Plot.h */,
				85618BB42A6818BF00A64549 /* Plot.docc */,
			);
			path = Plot;
			sourceTree = "<group>";
		};
		85618BC02A6818C000A64549 /* PlotTests */ = {
			isa = PBXGroup;
			children = (
				85618BC12A6818C000A64549 /* PlotTests.swift */,
			);
			path = PlotTests;
			sourceTree = "<group>";
		};
		85618BD82A681CB900A64549 /* Frameworks */ = {
			isa = PBXGroup;
			children = (
			);
			name = Frameworks;
			sourceTree = "<group>";
		};
		85B989192A67FB4C00EC1E8F = {
			isa = PBXGroup;
			children = (
				857D89A62A817D020026909C /* NN */,
				85B989242A67FB4C00EC1E8F /* ML_iOS */,
				85B989362A67FB4C00EC1E8F /* ML_iOSTests */,
				85B989402A67FB4C00EC1E8F /* ML_iOSUITests */,
				85618B5C2A6817EE00A64549 /* ML_watchOS Watch App */,
				85618B6D2A6817EF00A64549 /* ML_watchOS Watch AppTests */,
				85618B772A6817EF00A64549 /* ML_watchOS Watch AppUITests */,
				85618B8F2A68187F00A64549 /* Math */,
				85618B9D2A68187F00A64549 /* MathTests */,
				85618BB22A6818BF00A64549 /* Plot */,
				85618BC02A6818C000A64549 /* PlotTests */,
				85B989232A67FB4C00EC1E8F /* Products */,
				85618BD82A681CB900A64549 /* Frameworks */,
			);
			sourceTree = "<group>";
		};
		85B989232A67FB4C00EC1E8F /* Products */ = {
			isa = PBXGroup;
			children = (
				85B989222A67FB4C00EC1E8F /* ML_iOS.app */,
				85B989332A67FB4C00EC1E8F /* ML_iOSTests.xctest */,
				85B9893D2A67FB4C00EC1E8F /* ML_iOSUITests.xctest */,
				85618B532A6817EE00A64549 /* ML_watchOS.app */,
				85618B582A6817EE00A64549 /* ML_watchOS Watch App.app */,
				85618B6A2A6817EF00A64549 /* ML_watchOS Watch AppTests.xctest */,
				85618B742A6817EF00A64549 /* ML_watchOS Watch AppUITests.xctest */,
				85618B8E2A68187F00A64549 /* Math.framework */,
				85618B972A68187F00A64549 /* MathTests.xctest */,
				85618BB12A6818BF00A64549 /* Plot.framework */,
				85618BBA2A6818BF00A64549 /* PlotTests.xctest */,
			);
			name = Products;
			sourceTree = "<group>";
		};
		85B989242A67FB4C00EC1E8F /* ML_iOS */ = {
			isa = PBXGroup;
			children = (
				85B989252A67FB4C00EC1E8F /* ML_iOSApp.swift */,
				85618B4E2A6802B200A64549 /* View */,
				85B989292A67FB4C00EC1E8F /* Assets.xcassets */,
				85B9892B2A67FB4C00EC1E8F /* ML_iOS.entitlements */,
				85B9892C2A67FB4C00EC1E8F /* Preview Content */,
			);
			path = ML_iOS;
			sourceTree = "<group>";
		};
		85B9892C2A67FB4C00EC1E8F /* Preview Content */ = {
			isa = PBXGroup;
			children = (
				85B9892D2A67FB4C00EC1E8F /* Preview Assets.xcassets */,
			);
			path = "Preview Content";
			sourceTree = "<group>";
		};
		85B989362A67FB4C00EC1E8F /* ML_iOSTests */ = {
			isa = PBXGroup;
			children = (
				85B989372A67FB4C00EC1E8F /* ML_iOSTests.swift */,
			);
			path = ML_iOSTests;
			sourceTree = "<group>";
		};
		85B989402A67FB4C00EC1E8F /* ML_iOSUITests */ = {
			isa = PBXGroup;
			children = (
				85B989412A67FB4C00EC1E8F /* ML_iOSUITests.swift */,
				85B989432A67FB4C00EC1E8F /* ML_iOSUITestsLaunchTests.swift */,
			);
			path = ML_iOSUITests;
			sourceTree = "<group>";
		};
		A57350A62A7E3A7500FBBE09 /* NeuralNetwork */ = {
			isa = PBXGroup;
			children = (
				A57350C62A7E9EC300FBBE09 /* NeuralNetwork.swift */,
				A57350B92A7E420000FBBE09 /* NeuralNetworkLayer.swift */,
				A57350B42A7E41CE00FBBE09 /* Neuron.swift */,
			);
			path = NeuralNetwork;
			sourceTree = "<group>";
		};
/* End PBXGroup section */

/* Begin PBXHeadersBuildPhase section */
		85618B892A68187F00A64549 /* Headers */ = {
			isa = PBXHeadersBuildPhase;
			buildActionMask = 2147483647;
			files = (
				85618BA02A68187F00A64549 /* Math.h in Headers */,
			);
			runOnlyForDeploymentPostprocessing = 0;
		};
		85618BAC2A6818BF00A64549 /* Headers */ = {
			isa = PBXHeadersBuildPhase;
			buildActionMask = 2147483647;
			files = (
				85618BC32A6818C000A64549 /* Plot.h in Headers */,
			);
			runOnlyForDeploymentPostprocessing = 0;
		};
/* End PBXHeadersBuildPhase section */

/* Begin PBXNativeTarget section */
		85618B522A6817EE00A64549 /* ML_watchOS */ = {
			isa = PBXNativeTarget;
			buildConfigurationList = 85618B802A6817EF00A64549 /* Build configuration list for PBXNativeTarget "ML_watchOS" */;
			buildPhases = (
				85618B512A6817EE00A64549 /* Resources */,
				85618B7F2A6817EF00A64549 /* Embed Watch Content */,
			);
			buildRules = (
			);
			dependencies = (
				85618B5B2A6817EE00A64549 /* PBXTargetDependency */,
			);
			name = ML_watchOS;
			productName = ML_watchOS;
			productReference = 85618B532A6817EE00A64549 /* ML_watchOS.app */;
			productType = "com.apple.product-type.application.watchapp2-container";
		};
		85618B572A6817EE00A64549 /* ML_watchOS Watch App */ = {
			isa = PBXNativeTarget;
			buildConfigurationList = 85618B7C2A6817EF00A64549 /* Build configuration list for PBXNativeTarget "ML_watchOS Watch App" */;
			buildPhases = (
				85618B542A6817EE00A64549 /* Sources */,
				85618B552A6817EE00A64549 /* Frameworks */,
				85618B562A6817EE00A64549 /* Resources */,
				85618BDD2A681CB900A64549 /* Embed Frameworks */,
			);
			buildRules = (
			);
			dependencies = (
				85618BDC2A681CB900A64549 /* PBXTargetDependency */,
				85618BE12A681CBC00A64549 /* PBXTargetDependency */,
			);
			name = "ML_watchOS Watch App";
			productName = "ML_watchOS Watch App";
			productReference = 85618B582A6817EE00A64549 /* ML_watchOS Watch App.app */;
			productType = "com.apple.product-type.application";
		};
		85618B692A6817EF00A64549 /* ML_watchOS Watch AppTests */ = {
			isa = PBXNativeTarget;
			buildConfigurationList = 85618B832A6817EF00A64549 /* Build configuration list for PBXNativeTarget "ML_watchOS Watch AppTests" */;
			buildPhases = (
				85618B662A6817EF00A64549 /* Sources */,
				85618B672A6817EF00A64549 /* Frameworks */,
				85618B682A6817EF00A64549 /* Resources */,
			);
			buildRules = (
			);
			dependencies = (
				85618B6C2A6817EF00A64549 /* PBXTargetDependency */,
			);
			name = "ML_watchOS Watch AppTests";
			productName = "ML_watchOS Watch AppTests";
			productReference = 85618B6A2A6817EF00A64549 /* ML_watchOS Watch AppTests.xctest */;
			productType = "com.apple.product-type.bundle.unit-test";
		};
		85618B732A6817EF00A64549 /* ML_watchOS Watch AppUITests */ = {
			isa = PBXNativeTarget;
			buildConfigurationList = 85618B862A6817EF00A64549 /* Build configuration list for PBXNativeTarget "ML_watchOS Watch AppUITests" */;
			buildPhases = (
				85618B702A6817EF00A64549 /* Sources */,
				85618B712A6817EF00A64549 /* Frameworks */,
				85618B722A6817EF00A64549 /* Resources */,
			);
			buildRules = (
			);
			dependencies = (
				85618B762A6817EF00A64549 /* PBXTargetDependency */,
			);
			name = "ML_watchOS Watch AppUITests";
			productName = "ML_watchOS Watch AppUITests";
			productReference = 85618B742A6817EF00A64549 /* ML_watchOS Watch AppUITests.xctest */;
			productType = "com.apple.product-type.bundle.ui-testing";
		};
		85618B8D2A68187F00A64549 /* Math */ = {
			isa = PBXNativeTarget;
			buildConfigurationList = 85618BA52A68187F00A64549 /* Build configuration list for PBXNativeTarget "Math" */;
			buildPhases = (
				85618B892A68187F00A64549 /* Headers */,
				85618B8A2A68187F00A64549 /* Sources */,
				85618B8B2A68187F00A64549 /* Frameworks */,
				85618B8C2A68187F00A64549 /* Resources */,
			);
			buildRules = (
			);
			dependencies = (
			);
			name = Math;
			productName = Math;
			productReference = 85618B8E2A68187F00A64549 /* Math.framework */;
			productType = "com.apple.product-type.framework";
		};
		85618B962A68187F00A64549 /* MathTests */ = {
			isa = PBXNativeTarget;
			buildConfigurationList = 85618BA92A68187F00A64549 /* Build configuration list for PBXNativeTarget "MathTests" */;
			buildPhases = (
				85618B932A68187F00A64549 /* Sources */,
				85618B942A68187F00A64549 /* Frameworks */,
				85618B952A68187F00A64549 /* Resources */,
			);
			buildRules = (
			);
			dependencies = (
				85618B9A2A68187F00A64549 /* PBXTargetDependency */,
				85618B9C2A68187F00A64549 /* PBXTargetDependency */,
			);
			name = MathTests;
			productName = MathTests;
			productReference = 85618B972A68187F00A64549 /* MathTests.xctest */;
			productType = "com.apple.product-type.bundle.unit-test";
		};
		85618BB02A6818BF00A64549 /* Plot */ = {
			isa = PBXNativeTarget;
			buildConfigurationList = 85618BC82A6818C000A64549 /* Build configuration list for PBXNativeTarget "Plot" */;
			buildPhases = (
				85618BAC2A6818BF00A64549 /* Headers */,
				85618BAD2A6818BF00A64549 /* Sources */,
				85618BAE2A6818BF00A64549 /* Frameworks */,
				85618BAF2A6818BF00A64549 /* Resources */,
			);
			buildRules = (
			);
			dependencies = (
			);
			name = Plot;
			productName = Plot;
			productReference = 85618BB12A6818BF00A64549 /* Plot.framework */;
			productType = "com.apple.product-type.framework";
		};
		85618BB92A6818BF00A64549 /* PlotTests */ = {
			isa = PBXNativeTarget;
			buildConfigurationList = 85618BCB2A6818C000A64549 /* Build configuration list for PBXNativeTarget "PlotTests" */;
			buildPhases = (
				85618BB62A6818BF00A64549 /* Sources */,
				85618BB72A6818BF00A64549 /* Frameworks */,
				85618BB82A6818BF00A64549 /* Resources */,
			);
			buildRules = (
			);
			dependencies = (
				85618BBD2A6818BF00A64549 /* PBXTargetDependency */,
				85618BBF2A6818C000A64549 /* PBXTargetDependency */,
			);
			name = PlotTests;
			productName = PlotTests;
			productReference = 85618BBA2A6818BF00A64549 /* PlotTests.xctest */;
			productType = "com.apple.product-type.bundle.unit-test";
		};
		85B989212A67FB4C00EC1E8F /* ML_iOS */ = {
			isa = PBXNativeTarget;
			buildConfigurationList = 85B989472A67FB4C00EC1E8F /* Build configuration list for PBXNativeTarget "ML_iOS" */;
			buildPhases = (
				85B9891E2A67FB4C00EC1E8F /* Sources */,
				85B9891F2A67FB4C00EC1E8F /* Frameworks */,
				85B989202A67FB4C00EC1E8F /* Resources */,
				85618BA82A68187F00A64549 /* Embed Frameworks */,
			);
			buildRules = (
			);
			dependencies = (
				85618BA22A68187F00A64549 /* PBXTargetDependency */,
				85618BC52A6818C000A64549 /* PBXTargetDependency */,
			);
			name = ML_iOS;
			productName = ML_iOS;
			productReference = 85B989222A67FB4C00EC1E8F /* ML_iOS.app */;
			productType = "com.apple.product-type.application";
		};
		85B989322A67FB4C00EC1E8F /* ML_iOSTests */ = {
			isa = PBXNativeTarget;
			buildConfigurationList = 85B9894A2A67FB4C00EC1E8F /* Build configuration list for PBXNativeTarget "ML_iOSTests" */;
			buildPhases = (
				85B9892F2A67FB4C00EC1E8F /* Sources */,
				85B989302A67FB4C00EC1E8F /* Frameworks */,
				85B989312A67FB4C00EC1E8F /* Resources */,
			);
			buildRules = (
			);
			dependencies = (
				85B989352A67FB4C00EC1E8F /* PBXTargetDependency */,
			);
			name = ML_iOSTests;
			productName = ML_iOSTests;
			productReference = 85B989332A67FB4C00EC1E8F /* ML_iOSTests.xctest */;
			productType = "com.apple.product-type.bundle.unit-test";
		};
		85B9893C2A67FB4C00EC1E8F /* ML_iOSUITests */ = {
			isa = PBXNativeTarget;
			buildConfigurationList = 85B9894D2A67FB4C00EC1E8F /* Build configuration list for PBXNativeTarget "ML_iOSUITests" */;
			buildPhases = (
				85B989392A67FB4C00EC1E8F /* Sources */,
				85B9893A2A67FB4C00EC1E8F /* Frameworks */,
				85B9893B2A67FB4C00EC1E8F /* Resources */,
			);
			buildRules = (
			);
			dependencies = (
				85B9893F2A67FB4C00EC1E8F /* PBXTargetDependency */,
			);
			name = ML_iOSUITests;
			productName = ML_iOSUITests;
			productReference = 85B9893D2A67FB4C00EC1E8F /* ML_iOSUITests.xctest */;
			productType = "com.apple.product-type.bundle.ui-testing";
		};
/* End PBXNativeTarget section */

/* Begin PBXProject section */
		85B9891A2A67FB4C00EC1E8F /* Project object */ = {
			isa = PBXProject;
			attributes = {
				BuildIndependentTargetsInParallel = 1;
				LastSwiftUpdateCheck = 1430;
				LastUpgradeCheck = 1430;
				TargetAttributes = {
					85618B522A6817EE00A64549 = {
						CreatedOnToolsVersion = 14.3.1;
					};
					85618B572A6817EE00A64549 = {
						CreatedOnToolsVersion = 14.3.1;
					};
					85618B692A6817EF00A64549 = {
						CreatedOnToolsVersion = 14.3.1;
						TestTargetID = 85618B572A6817EE00A64549;
					};
					85618B732A6817EF00A64549 = {
						CreatedOnToolsVersion = 14.3.1;
						TestTargetID = 85618B572A6817EE00A64549;
					};
					85618B8D2A68187F00A64549 = {
						CreatedOnToolsVersion = 14.3.1;
					};
					85618B962A68187F00A64549 = {
						CreatedOnToolsVersion = 14.3.1;
						TestTargetID = 85B989212A67FB4C00EC1E8F;
					};
					85618BB02A6818BF00A64549 = {
						CreatedOnToolsVersion = 14.3.1;
					};
					85618BB92A6818BF00A64549 = {
						CreatedOnToolsVersion = 14.3.1;
						TestTargetID = 85B989212A67FB4C00EC1E8F;
					};
					85B989212A67FB4C00EC1E8F = {
						CreatedOnToolsVersion = 14.3.1;
					};
					85B989322A67FB4C00EC1E8F = {
						CreatedOnToolsVersion = 14.3.1;
						TestTargetID = 85B989212A67FB4C00EC1E8F;
					};
					85B9893C2A67FB4C00EC1E8F = {
						CreatedOnToolsVersion = 14.3.1;
						TestTargetID = 85B989212A67FB4C00EC1E8F;
					};
				};
			};
			buildConfigurationList = 85B9891D2A67FB4C00EC1E8F /* Build configuration list for PBXProject "ML_iOS" */;
			compatibilityVersion = "Xcode 14.0";
			developmentRegion = en;
			hasScannedForEncodings = 0;
			knownRegions = (
				en,
				Base,
			);
			mainGroup = 85B989192A67FB4C00EC1E8F;
			productRefGroup = 85B989232A67FB4C00EC1E8F /* Products */;
			projectDirPath = "";
			projectRoot = "";
			targets = (
				85B989212A67FB4C00EC1E8F /* ML_iOS */,
				85B989322A67FB4C00EC1E8F /* ML_iOSTests */,
				85B9893C2A67FB4C00EC1E8F /* ML_iOSUITests */,
				85618B522A6817EE00A64549 /* ML_watchOS */,
				85618B572A6817EE00A64549 /* ML_watchOS Watch App */,
				85618B692A6817EF00A64549 /* ML_watchOS Watch AppTests */,
				85618B732A6817EF00A64549 /* ML_watchOS Watch AppUITests */,
				85618B8D2A68187F00A64549 /* Math */,
				85618B962A68187F00A64549 /* MathTests */,
				85618BB02A6818BF00A64549 /* Plot */,
				85618BB92A6818BF00A64549 /* PlotTests */,
			);
		};
/* End PBXProject section */

/* Begin PBXResourcesBuildPhase section */
		85618B512A6817EE00A64549 /* Resources */ = {
			isa = PBXResourcesBuildPhase;
			buildActionMask = 2147483647;
			files = (
			);
			runOnlyForDeploymentPostprocessing = 0;
		};
		85618B562A6817EE00A64549 /* Resources */ = {
			isa = PBXResourcesBuildPhase;
			buildActionMask = 2147483647;
			files = (
				85618B652A6817EF00A64549 /* Preview Assets.xcassets in Resources */,
				85618B622A6817EF00A64549 /* Assets.xcassets in Resources */,
			);
			runOnlyForDeploymentPostprocessing = 0;
		};
		85618B682A6817EF00A64549 /* Resources */ = {
			isa = PBXResourcesBuildPhase;
			buildActionMask = 2147483647;
			files = (
			);
			runOnlyForDeploymentPostprocessing = 0;
		};
		85618B722A6817EF00A64549 /* Resources */ = {
			isa = PBXResourcesBuildPhase;
			buildActionMask = 2147483647;
			files = (
			);
			runOnlyForDeploymentPostprocessing = 0;
		};
		85618B8C2A68187F00A64549 /* Resources */ = {
			isa = PBXResourcesBuildPhase;
			buildActionMask = 2147483647;
			files = (
				857D89A72A817D020026909C /* NN in Resources */,
			);
			runOnlyForDeploymentPostprocessing = 0;
		};
		85618B952A68187F00A64549 /* Resources */ = {
			isa = PBXResourcesBuildPhase;
			buildActionMask = 2147483647;
			files = (
			);
			runOnlyForDeploymentPostprocessing = 0;
		};
		85618BAF2A6818BF00A64549 /* Resources */ = {
			isa = PBXResourcesBuildPhase;
			buildActionMask = 2147483647;
			files = (
			);
			runOnlyForDeploymentPostprocessing = 0;
		};
		85618BB82A6818BF00A64549 /* Resources */ = {
			isa = PBXResourcesBuildPhase;
			buildActionMask = 2147483647;
			files = (
			);
			runOnlyForDeploymentPostprocessing = 0;
		};
		85B989202A67FB4C00EC1E8F /* Resources */ = {
			isa = PBXResourcesBuildPhase;
			buildActionMask = 2147483647;
			files = (
				85B9892E2A67FB4C00EC1E8F /* Preview Assets.xcassets in Resources */,
				85B9892A2A67FB4C00EC1E8F /* Assets.xcassets in Resources */,
			);
			runOnlyForDeploymentPostprocessing = 0;
		};
		85B989312A67FB4C00EC1E8F /* Resources */ = {
			isa = PBXResourcesBuildPhase;
			buildActionMask = 2147483647;
			files = (
			);
			runOnlyForDeploymentPostprocessing = 0;
		};
		85B9893B2A67FB4C00EC1E8F /* Resources */ = {
			isa = PBXResourcesBuildPhase;
			buildActionMask = 2147483647;
			files = (
			);
			runOnlyForDeploymentPostprocessing = 0;
		};
/* End PBXResourcesBuildPhase section */

/* Begin PBXSourcesBuildPhase section */
		85618B542A6817EE00A64549 /* Sources */ = {
			isa = PBXSourcesBuildPhase;
			buildActionMask = 2147483647;
			files = (
				8517642A2A82C1CE00FAC720 /* Figures_Recogniser_UI.swift in Sources */,
				85618BD32A681C0100A64549 /* Regression1_UI.swift in Sources */,
				85618B5E2A6817EE00A64549 /* ML_watchOSApp.swift in Sources */,
			);
			runOnlyForDeploymentPostprocessing = 0;
		};
		85618B662A6817EF00A64549 /* Sources */ = {
			isa = PBXSourcesBuildPhase;
			buildActionMask = 2147483647;
			files = (
				85618B6F2A6817EF00A64549 /* ML_watchOS_Watch_AppTests.swift in Sources */,
			);
			runOnlyForDeploymentPostprocessing = 0;
		};
		85618B702A6817EF00A64549 /* Sources */ = {
			isa = PBXSourcesBuildPhase;
			buildActionMask = 2147483647;
			files = (
				85618B792A6817EF00A64549 /* ML_watchOS_Watch_AppUITests.swift in Sources */,
				85618B7B2A6817EF00A64549 /* ML_watchOS_Watch_AppUITestsLaunchTests.swift in Sources */,
			);
			runOnlyForDeploymentPostprocessing = 0;
		};
		85618B8A2A68187F00A64549 /* Sources */ = {
			isa = PBXSourcesBuildPhase;
			buildActionMask = 2147483647;
			files = (
				85618BD12A6818FB00A64549 /* LinAlg.swift in Sources */,
				85618BD02A6818FB00A64549 /* ML.swift in Sources */,
				85618B922A68187F00A64549 /* Math.docc in Sources */,
				A57350BA2A7E420000FBBE09 /* NeuralNetworkLayer.swift in Sources */,
				A57350C72A7E9EC300FBBE09 /* NeuralNetwork.swift in Sources */,
				A57350B52A7E41CE00FBBE09 /* Neuron.swift in Sources */,
			);
			runOnlyForDeploymentPostprocessing = 0;
		};
		85618B932A68187F00A64549 /* Sources */ = {
			isa = PBXSourcesBuildPhase;
			buildActionMask = 2147483647;
			files = (
				85618B9F2A68187F00A64549 /* MathTests.swift in Sources */,
			);
			runOnlyForDeploymentPostprocessing = 0;
		};
		85618BAD2A6818BF00A64549 /* Sources */ = {
			isa = PBXSourcesBuildPhase;
			buildActionMask = 2147483647;
			files = (
				85618BCE2A6818F300A64549 /* Plot2D_UI.swift in Sources */,
				85618BCF2A6818F600A64549 /* Geometry.swift in Sources */,
				85F8B2EB2A74219900717CB5 /* Paint_UI.swift in Sources */,
				85618BB52A6818BF00A64549 /* Plot.docc in Sources */,
			);
			runOnlyForDeploymentPostprocessing = 0;
		};
		85618BB62A6818BF00A64549 /* Sources */ = {
			isa = PBXSourcesBuildPhase;
			buildActionMask = 2147483647;
			files = (
				85618BC22A6818C000A64549 /* PlotTests.swift in Sources */,
			);
			runOnlyForDeploymentPostprocessing = 0;
		};
		85B9891E2A67FB4C00EC1E8F /* Sources */ = {
			isa = PBXSourcesBuildPhase;
			buildActionMask = 2147483647;
			files = (
				85F8B2ED2A7422B300717CB5 /* Figures_Recogniser_UI.swift in Sources */,
				85B989542A67FB7900EC1E8F /* Regression1_UI.swift in Sources */,
				85B989262A67FB4C00EC1E8F /* ML_iOSApp.swift in Sources */,
			);
			runOnlyForDeploymentPostprocessing = 0;
		};
		85B9892F2A67FB4C00EC1E8F /* Sources */ = {
			isa = PBXSourcesBuildPhase;
			buildActionMask = 2147483647;
			files = (
				85B989382A67FB4C00EC1E8F /* ML_iOSTests.swift in Sources */,
			);
			runOnlyForDeploymentPostprocessing = 0;
		};
		85B989392A67FB4C00EC1E8F /* Sources */ = {
			isa = PBXSourcesBuildPhase;
			buildActionMask = 2147483647;
			files = (
				85B989422A67FB4C00EC1E8F /* ML_iOSUITests.swift in Sources */,
				85B989442A67FB4C00EC1E8F /* ML_iOSUITestsLaunchTests.swift in Sources */,
			);
			runOnlyForDeploymentPostprocessing = 0;
		};
/* End PBXSourcesBuildPhase section */

/* Begin PBXTargetDependency section */
		85618B5B2A6817EE00A64549 /* PBXTargetDependency */ = {
			isa = PBXTargetDependency;
			target = 85618B572A6817EE00A64549 /* ML_watchOS Watch App */;
			targetProxy = 85618B5A2A6817EE00A64549 /* PBXContainerItemProxy */;
		};
		85618B6C2A6817EF00A64549 /* PBXTargetDependency */ = {
			isa = PBXTargetDependency;
			target = 85618B572A6817EE00A64549 /* ML_watchOS Watch App */;
			targetProxy = 85618B6B2A6817EF00A64549 /* PBXContainerItemProxy */;
		};
		85618B762A6817EF00A64549 /* PBXTargetDependency */ = {
			isa = PBXTargetDependency;
			target = 85618B572A6817EE00A64549 /* ML_watchOS Watch App */;
			targetProxy = 85618B752A6817EF00A64549 /* PBXContainerItemProxy */;
		};
		85618B9A2A68187F00A64549 /* PBXTargetDependency */ = {
			isa = PBXTargetDependency;
			target = 85618B8D2A68187F00A64549 /* Math */;
			targetProxy = 85618B992A68187F00A64549 /* PBXContainerItemProxy */;
		};
		85618B9C2A68187F00A64549 /* PBXTargetDependency */ = {
			isa = PBXTargetDependency;
			target = 85B989212A67FB4C00EC1E8F /* ML_iOS */;
			targetProxy = 85618B9B2A68187F00A64549 /* PBXContainerItemProxy */;
		};
		85618BA22A68187F00A64549 /* PBXTargetDependency */ = {
			isa = PBXTargetDependency;
			target = 85618B8D2A68187F00A64549 /* Math */;
			targetProxy = 85618BA12A68187F00A64549 /* PBXContainerItemProxy */;
		};
		85618BBD2A6818BF00A64549 /* PBXTargetDependency */ = {
			isa = PBXTargetDependency;
			target = 85618BB02A6818BF00A64549 /* Plot */;
			targetProxy = 85618BBC2A6818BF00A64549 /* PBXContainerItemProxy */;
		};
		85618BBF2A6818C000A64549 /* PBXTargetDependency */ = {
			isa = PBXTargetDependency;
			target = 85B989212A67FB4C00EC1E8F /* ML_iOS */;
			targetProxy = 85618BBE2A6818C000A64549 /* PBXContainerItemProxy */;
		};
		85618BC52A6818C000A64549 /* PBXTargetDependency */ = {
			isa = PBXTargetDependency;
			target = 85618BB02A6818BF00A64549 /* Plot */;
			targetProxy = 85618BC42A6818C000A64549 /* PBXContainerItemProxy */;
		};
		85618BDC2A681CB900A64549 /* PBXTargetDependency */ = {
			isa = PBXTargetDependency;
			target = 85618B8D2A68187F00A64549 /* Math */;
			targetProxy = 85618BDB2A681CB900A64549 /* PBXContainerItemProxy */;
		};
		85618BE12A681CBC00A64549 /* PBXTargetDependency */ = {
			isa = PBXTargetDependency;
			target = 85618BB02A6818BF00A64549 /* Plot */;
			targetProxy = 85618BE02A681CBC00A64549 /* PBXContainerItemProxy */;
		};
		85B989352A67FB4C00EC1E8F /* PBXTargetDependency */ = {
			isa = PBXTargetDependency;
			target = 85B989212A67FB4C00EC1E8F /* ML_iOS */;
			targetProxy = 85B989342A67FB4C00EC1E8F /* PBXContainerItemProxy */;
		};
		85B9893F2A67FB4C00EC1E8F /* PBXTargetDependency */ = {
			isa = PBXTargetDependency;
			target = 85B989212A67FB4C00EC1E8F /* ML_iOS */;
			targetProxy = 85B9893E2A67FB4C00EC1E8F /* PBXContainerItemProxy */;
		};
/* End PBXTargetDependency section */

/* Begin XCBuildConfiguration section */
		85618B7D2A6817EF00A64549 /* Debug */ = {
			isa = XCBuildConfiguration;
			buildSettings = {
				ASSETCATALOG_COMPILER_APPICON_NAME = AppIcon;
				ASSETCATALOG_COMPILER_GLOBAL_ACCENT_COLOR_NAME = AccentColor;
				CODE_SIGN_STYLE = Automatic;
				CURRENT_PROJECT_VERSION = 1;
				DEVELOPMENT_ASSET_PATHS = "\"ML_watchOS Watch App/Preview Content\"";
				DEVELOPMENT_TEAM = UA5WR73PS4;
				ENABLE_PREVIEWS = YES;
				GENERATE_INFOPLIST_FILE = YES;
				INFOPLIST_KEY_CFBundleDisplayName = ML_watchOS;
				INFOPLIST_KEY_UISupportedInterfaceOrientations = "UIInterfaceOrientationPortrait UIInterfaceOrientationPortraitUpsideDown";
				INFOPLIST_KEY_WKWatchOnly = YES;
				LD_RUNPATH_SEARCH_PATHS = (
					"$(inherited)",
					"@executable_path/Frameworks",
				);
				MARKETING_VERSION = 1.0;
				PRODUCT_BUNDLE_IDENTIFIER = "DaniilIgnatev.ML-watchOS.watchkitapp";
				PRODUCT_NAME = "$(TARGET_NAME)";
				SDKROOT = watchos;
				SKIP_INSTALL = YES;
				SWIFT_EMIT_LOC_STRINGS = YES;
				SWIFT_VERSION = 5.0;
				TARGETED_DEVICE_FAMILY = 4;
				WATCHOS_DEPLOYMENT_TARGET = 9.4;
			};
			name = Debug;
		};
		85618B7E2A6817EF00A64549 /* Release */ = {
			isa = XCBuildConfiguration;
			buildSettings = {
				ASSETCATALOG_COMPILER_APPICON_NAME = AppIcon;
				ASSETCATALOG_COMPILER_GLOBAL_ACCENT_COLOR_NAME = AccentColor;
				CODE_SIGN_STYLE = Automatic;
				CURRENT_PROJECT_VERSION = 1;
				DEVELOPMENT_ASSET_PATHS = "\"ML_watchOS Watch App/Preview Content\"";
				DEVELOPMENT_TEAM = UA5WR73PS4;
				ENABLE_PREVIEWS = YES;
				GENERATE_INFOPLIST_FILE = YES;
				INFOPLIST_KEY_CFBundleDisplayName = ML_watchOS;
				INFOPLIST_KEY_UISupportedInterfaceOrientations = "UIInterfaceOrientationPortrait UIInterfaceOrientationPortraitUpsideDown";
				INFOPLIST_KEY_WKWatchOnly = YES;
				LD_RUNPATH_SEARCH_PATHS = (
					"$(inherited)",
					"@executable_path/Frameworks",
				);
				MARKETING_VERSION = 1.0;
				PRODUCT_BUNDLE_IDENTIFIER = "DaniilIgnatev.ML-watchOS.watchkitapp";
				PRODUCT_NAME = "$(TARGET_NAME)";
				SDKROOT = watchos;
				SKIP_INSTALL = YES;
				SWIFT_EMIT_LOC_STRINGS = YES;
				SWIFT_VERSION = 5.0;
				TARGETED_DEVICE_FAMILY = 4;
				VALIDATE_PRODUCT = YES;
				WATCHOS_DEPLOYMENT_TARGET = 9.4;
			};
			name = Release;
		};
		85618B812A6817EF00A64549 /* Debug */ = {
			isa = XCBuildConfiguration;
			buildSettings = {
				ALWAYS_EMBED_SWIFT_STANDARD_LIBRARIES = YES;
				CODE_SIGN_STYLE = Automatic;
				CURRENT_PROJECT_VERSION = 1;
				DEVELOPMENT_TEAM = UA5WR73PS4;
				INFOPLIST_KEY_CFBundleDisplayName = ML_watchOS;
				MARKETING_VERSION = 1.0;
				PRODUCT_BUNDLE_IDENTIFIER = "DaniilIgnatev.ML-watchOS";
				PRODUCT_NAME = "$(TARGET_NAME)";
				SDKROOT = iphoneos;
				SUPPORTED_PLATFORMS = "iphoneos iphonesimulator watchos watchsimulator";
				SUPPORTS_MACCATALYST = NO;
				SUPPORTS_MAC_DESIGNED_FOR_IPHONE_IPAD = NO;
				SWIFT_VERSION = 5.0;
				TARGETED_DEVICE_FAMILY = "1,4";
			};
			name = Debug;
		};
		85618B822A6817EF00A64549 /* Release */ = {
			isa = XCBuildConfiguration;
			buildSettings = {
				ALWAYS_EMBED_SWIFT_STANDARD_LIBRARIES = YES;
				CODE_SIGN_STYLE = Automatic;
				CURRENT_PROJECT_VERSION = 1;
				DEVELOPMENT_TEAM = UA5WR73PS4;
				INFOPLIST_KEY_CFBundleDisplayName = ML_watchOS;
				MARKETING_VERSION = 1.0;
				PRODUCT_BUNDLE_IDENTIFIER = "DaniilIgnatev.ML-watchOS";
				PRODUCT_NAME = "$(TARGET_NAME)";
				SDKROOT = iphoneos;
				SUPPORTED_PLATFORMS = "iphoneos iphonesimulator watchos watchsimulator";
				SUPPORTS_MACCATALYST = NO;
				SUPPORTS_MAC_DESIGNED_FOR_IPHONE_IPAD = NO;
				SWIFT_VERSION = 5.0;
				TARGETED_DEVICE_FAMILY = "1,4";
				VALIDATE_PRODUCT = YES;
			};
			name = Release;
		};
		85618B842A6817EF00A64549 /* Debug */ = {
			isa = XCBuildConfiguration;
			buildSettings = {
				ALWAYS_EMBED_SWIFT_STANDARD_LIBRARIES = YES;
				BUNDLE_LOADER = "$(TEST_HOST)";
				CODE_SIGN_STYLE = Automatic;
				CURRENT_PROJECT_VERSION = 1;
				DEVELOPMENT_TEAM = UA5WR73PS4;
				GENERATE_INFOPLIST_FILE = YES;
				MARKETING_VERSION = 1.0;
				PRODUCT_BUNDLE_IDENTIFIER = "DaniilIgnatev.ML-watchOS-Watch-AppTests";
				PRODUCT_NAME = "$(TARGET_NAME)";
				SDKROOT = watchos;
				SWIFT_EMIT_LOC_STRINGS = NO;
				SWIFT_VERSION = 5.0;
				TARGETED_DEVICE_FAMILY = 4;
				TEST_HOST = "$(BUILT_PRODUCTS_DIR)/ML_watchOS Watch App.app/$(BUNDLE_EXECUTABLE_FOLDER_PATH)/ML_watchOS Watch App";
				WATCHOS_DEPLOYMENT_TARGET = 9.4;
			};
			name = Debug;
		};
		85618B852A6817EF00A64549 /* Release */ = {
			isa = XCBuildConfiguration;
			buildSettings = {
				ALWAYS_EMBED_SWIFT_STANDARD_LIBRARIES = YES;
				BUNDLE_LOADER = "$(TEST_HOST)";
				CODE_SIGN_STYLE = Automatic;
				CURRENT_PROJECT_VERSION = 1;
				DEVELOPMENT_TEAM = UA5WR73PS4;
				GENERATE_INFOPLIST_FILE = YES;
				MARKETING_VERSION = 1.0;
				PRODUCT_BUNDLE_IDENTIFIER = "DaniilIgnatev.ML-watchOS-Watch-AppTests";
				PRODUCT_NAME = "$(TARGET_NAME)";
				SDKROOT = watchos;
				SWIFT_EMIT_LOC_STRINGS = NO;
				SWIFT_VERSION = 5.0;
				TARGETED_DEVICE_FAMILY = 4;
				TEST_HOST = "$(BUILT_PRODUCTS_DIR)/ML_watchOS Watch App.app/$(BUNDLE_EXECUTABLE_FOLDER_PATH)/ML_watchOS Watch App";
				VALIDATE_PRODUCT = YES;
				WATCHOS_DEPLOYMENT_TARGET = 9.4;
			};
			name = Release;
		};
		85618B872A6817EF00A64549 /* Debug */ = {
			isa = XCBuildConfiguration;
			buildSettings = {
				ALWAYS_EMBED_SWIFT_STANDARD_LIBRARIES = YES;
				CODE_SIGN_STYLE = Automatic;
				CURRENT_PROJECT_VERSION = 1;
				DEVELOPMENT_TEAM = UA5WR73PS4;
				GENERATE_INFOPLIST_FILE = YES;
				MARKETING_VERSION = 1.0;
				PRODUCT_BUNDLE_IDENTIFIER = "DaniilIgnatev.ML-watchOS-Watch-AppUITests";
				PRODUCT_NAME = "$(TARGET_NAME)";
				SDKROOT = watchos;
				SWIFT_EMIT_LOC_STRINGS = NO;
				SWIFT_VERSION = 5.0;
				TARGETED_DEVICE_FAMILY = 4;
				TEST_TARGET_NAME = "ML_watchOS Watch App";
				WATCHOS_DEPLOYMENT_TARGET = 9.4;
			};
			name = Debug;
		};
		85618B882A6817EF00A64549 /* Release */ = {
			isa = XCBuildConfiguration;
			buildSettings = {
				ALWAYS_EMBED_SWIFT_STANDARD_LIBRARIES = YES;
				CODE_SIGN_STYLE = Automatic;
				CURRENT_PROJECT_VERSION = 1;
				DEVELOPMENT_TEAM = UA5WR73PS4;
				GENERATE_INFOPLIST_FILE = YES;
				MARKETING_VERSION = 1.0;
				PRODUCT_BUNDLE_IDENTIFIER = "DaniilIgnatev.ML-watchOS-Watch-AppUITests";
				PRODUCT_NAME = "$(TARGET_NAME)";
				SDKROOT = watchos;
				SWIFT_EMIT_LOC_STRINGS = NO;
				SWIFT_VERSION = 5.0;
				TARGETED_DEVICE_FAMILY = 4;
				TEST_TARGET_NAME = "ML_watchOS Watch App";
				VALIDATE_PRODUCT = YES;
				WATCHOS_DEPLOYMENT_TARGET = 9.4;
			};
			name = Release;
		};
		85618BA62A68187F00A64549 /* Debug */ = {
			isa = XCBuildConfiguration;
			buildSettings = {
				CODE_SIGN_IDENTITY = "Apple Development";
				CODE_SIGN_STYLE = Automatic;
				CURRENT_PROJECT_VERSION = 1;
				DEFINES_MODULE = YES;
				DEVELOPMENT_TEAM = UA5WR73PS4;
				DYLIB_COMPATIBILITY_VERSION = 1;
				DYLIB_CURRENT_VERSION = 1;
				DYLIB_INSTALL_NAME_BASE = "@rpath";
				ENABLE_MODULE_VERIFIER = YES;
				GENERATE_INFOPLIST_FILE = YES;
				INFOPLIST_KEY_NSHumanReadableCopyright = "";
				INSTALL_PATH = "$(LOCAL_LIBRARY_DIR)/Frameworks";
				IPHONEOS_DEPLOYMENT_TARGET = 16.4;
				LD_RUNPATH_SEARCH_PATHS = (
					"@executable_path/Frameworks",
					"@loader_path/Frameworks",
				);
				"LD_RUNPATH_SEARCH_PATHS[sdk=macosx*]" = (
					"@executable_path/../Frameworks",
					"@loader_path/Frameworks",
				);
				MACOSX_DEPLOYMENT_TARGET = 13.3;
				MARKETING_VERSION = 1.0;
				MODULE_VERIFIER_SUPPORTED_LANGUAGES = "objective-c objective-c++";
				MODULE_VERIFIER_SUPPORTED_LANGUAGE_STANDARDS = "gnu11 gnu++20";
				PRODUCT_BUNDLE_IDENTIFIER = DaniilIgnatev.Math;
				PRODUCT_NAME = "$(TARGET_NAME:c99extidentifier)";
				SDKROOT = auto;
				SKIP_INSTALL = YES;
				SUPPORTED_PLATFORMS = "iphoneos iphonesimulator macosx watchos watchsimulator";
				SUPPORTS_MACCATALYST = NO;
				SUPPORTS_MAC_DESIGNED_FOR_IPHONE_IPAD = NO;
				SWIFT_EMIT_LOC_STRINGS = YES;
				SWIFT_VERSION = 5.0;
				TARGETED_DEVICE_FAMILY = "1,2,4";
				VERSIONING_SYSTEM = "apple-generic";
				VERSION_INFO_PREFIX = "";
			};
			name = Debug;
		};
		85618BA72A68187F00A64549 /* Release */ = {
			isa = XCBuildConfiguration;
			buildSettings = {
				CODE_SIGN_IDENTITY = "Apple Development";
				CODE_SIGN_STYLE = Automatic;
				CURRENT_PROJECT_VERSION = 1;
				DEFINES_MODULE = YES;
				DEVELOPMENT_TEAM = UA5WR73PS4;
				DYLIB_COMPATIBILITY_VERSION = 1;
				DYLIB_CURRENT_VERSION = 1;
				DYLIB_INSTALL_NAME_BASE = "@rpath";
				ENABLE_MODULE_VERIFIER = YES;
				GENERATE_INFOPLIST_FILE = YES;
				INFOPLIST_KEY_NSHumanReadableCopyright = "";
				INSTALL_PATH = "$(LOCAL_LIBRARY_DIR)/Frameworks";
				IPHONEOS_DEPLOYMENT_TARGET = 16.4;
				LD_RUNPATH_SEARCH_PATHS = (
					"@executable_path/Frameworks",
					"@loader_path/Frameworks",
				);
				"LD_RUNPATH_SEARCH_PATHS[sdk=macosx*]" = (
					"@executable_path/../Frameworks",
					"@loader_path/Frameworks",
				);
				MACOSX_DEPLOYMENT_TARGET = 13.3;
				MARKETING_VERSION = 1.0;
				MODULE_VERIFIER_SUPPORTED_LANGUAGES = "objective-c objective-c++";
				MODULE_VERIFIER_SUPPORTED_LANGUAGE_STANDARDS = "gnu11 gnu++20";
				PRODUCT_BUNDLE_IDENTIFIER = DaniilIgnatev.Math;
				PRODUCT_NAME = "$(TARGET_NAME:c99extidentifier)";
				SDKROOT = auto;
				SKIP_INSTALL = YES;
				SUPPORTED_PLATFORMS = "iphoneos iphonesimulator macosx watchos watchsimulator";
				SUPPORTS_MACCATALYST = NO;
				SUPPORTS_MAC_DESIGNED_FOR_IPHONE_IPAD = NO;
				SWIFT_EMIT_LOC_STRINGS = YES;
				SWIFT_VERSION = 5.0;
				TARGETED_DEVICE_FAMILY = "1,2,4";
				VERSIONING_SYSTEM = "apple-generic";
				VERSION_INFO_PREFIX = "";
			};
			name = Release;
		};
		85618BAA2A68187F00A64549 /* Debug */ = {
			isa = XCBuildConfiguration;
			buildSettings = {
				ALWAYS_EMBED_SWIFT_STANDARD_LIBRARIES = YES;
				CODE_SIGN_STYLE = Automatic;
				CURRENT_PROJECT_VERSION = 1;
				DEVELOPMENT_TEAM = UA5WR73PS4;
				GENERATE_INFOPLIST_FILE = YES;
				IPHONEOS_DEPLOYMENT_TARGET = 16.4;
				MACOSX_DEPLOYMENT_TARGET = 13.3;
				MARKETING_VERSION = 1.0;
				PRODUCT_BUNDLE_IDENTIFIER = DaniilIgnatev.MathTests;
				PRODUCT_NAME = "$(TARGET_NAME)";
				SDKROOT = auto;
				SUPPORTED_PLATFORMS = "iphoneos iphonesimulator macosx watchos watchsimulator";
				SUPPORTS_MACCATALYST = NO;
				SUPPORTS_MAC_DESIGNED_FOR_IPHONE_IPAD = NO;
				SWIFT_EMIT_LOC_STRINGS = NO;
				SWIFT_VERSION = 5.0;
				TARGETED_DEVICE_FAMILY = "1,2,4";
				TEST_HOST = "$(BUILT_PRODUCTS_DIR)/ML_iOS.app/$(BUNDLE_EXECUTABLE_FOLDER_PATH)/ML_iOS";
			};
			name = Debug;
		};
		85618BAB2A68187F00A64549 /* Release */ = {
			isa = XCBuildConfiguration;
			buildSettings = {
				ALWAYS_EMBED_SWIFT_STANDARD_LIBRARIES = YES;
				CODE_SIGN_STYLE = Automatic;
				CURRENT_PROJECT_VERSION = 1;
				DEVELOPMENT_TEAM = UA5WR73PS4;
				GENERATE_INFOPLIST_FILE = YES;
				IPHONEOS_DEPLOYMENT_TARGET = 16.4;
				MACOSX_DEPLOYMENT_TARGET = 13.3;
				MARKETING_VERSION = 1.0;
				PRODUCT_BUNDLE_IDENTIFIER = DaniilIgnatev.MathTests;
				PRODUCT_NAME = "$(TARGET_NAME)";
				SDKROOT = auto;
				SUPPORTED_PLATFORMS = "iphoneos iphonesimulator macosx watchos watchsimulator";
				SUPPORTS_MACCATALYST = NO;
				SUPPORTS_MAC_DESIGNED_FOR_IPHONE_IPAD = NO;
				SWIFT_EMIT_LOC_STRINGS = NO;
				SWIFT_VERSION = 5.0;
				TARGETED_DEVICE_FAMILY = "1,2,4";
				TEST_HOST = "$(BUILT_PRODUCTS_DIR)/ML_iOS.app/$(BUNDLE_EXECUTABLE_FOLDER_PATH)/ML_iOS";
			};
			name = Release;
		};
		85618BC92A6818C000A64549 /* Debug */ = {
			isa = XCBuildConfiguration;
			buildSettings = {
				CODE_SIGN_IDENTITY = "Apple Development";
				CODE_SIGN_STYLE = Automatic;
				CURRENT_PROJECT_VERSION = 1;
				DEFINES_MODULE = YES;
				DEVELOPMENT_TEAM = UA5WR73PS4;
				DYLIB_COMPATIBILITY_VERSION = 1;
				DYLIB_CURRENT_VERSION = 1;
				DYLIB_INSTALL_NAME_BASE = "@rpath";
				ENABLE_MODULE_VERIFIER = YES;
				GENERATE_INFOPLIST_FILE = YES;
				INFOPLIST_KEY_NSHumanReadableCopyright = "";
				INSTALL_PATH = "$(LOCAL_LIBRARY_DIR)/Frameworks";
				IPHONEOS_DEPLOYMENT_TARGET = 16.4;
				LD_RUNPATH_SEARCH_PATHS = (
					"@executable_path/Frameworks",
					"@loader_path/Frameworks",
				);
				"LD_RUNPATH_SEARCH_PATHS[sdk=macosx*]" = (
					"@executable_path/../Frameworks",
					"@loader_path/Frameworks",
				);
				MACOSX_DEPLOYMENT_TARGET = 13.3;
				MARKETING_VERSION = 1.0;
				MODULE_VERIFIER_SUPPORTED_LANGUAGES = "objective-c objective-c++";
				MODULE_VERIFIER_SUPPORTED_LANGUAGE_STANDARDS = "gnu11 gnu++20";
				PRODUCT_BUNDLE_IDENTIFIER = DaniilIgnatev.Plot;
				PRODUCT_NAME = "$(TARGET_NAME:c99extidentifier)";
				SDKROOT = auto;
				SKIP_INSTALL = YES;
				SUPPORTED_PLATFORMS = "iphoneos iphonesimulator macosx watchos watchsimulator";
				SUPPORTS_MACCATALYST = NO;
				SUPPORTS_MAC_DESIGNED_FOR_IPHONE_IPAD = NO;
				SWIFT_EMIT_LOC_STRINGS = YES;
				SWIFT_VERSION = 5.0;
				TARGETED_DEVICE_FAMILY = "1,2,4";
				VERSIONING_SYSTEM = "apple-generic";
				VERSION_INFO_PREFIX = "";
			};
			name = Debug;
		};
		85618BCA2A6818C000A64549 /* Release */ = {
			isa = XCBuildConfiguration;
			buildSettings = {
				CODE_SIGN_IDENTITY = "Apple Development";
				CODE_SIGN_STYLE = Automatic;
				CURRENT_PROJECT_VERSION = 1;
				DEFINES_MODULE = YES;
				DEVELOPMENT_TEAM = UA5WR73PS4;
				DYLIB_COMPATIBILITY_VERSION = 1;
				DYLIB_CURRENT_VERSION = 1;
				DYLIB_INSTALL_NAME_BASE = "@rpath";
				ENABLE_MODULE_VERIFIER = YES;
				GENERATE_INFOPLIST_FILE = YES;
				INFOPLIST_KEY_NSHumanReadableCopyright = "";
				INSTALL_PATH = "$(LOCAL_LIBRARY_DIR)/Frameworks";
				IPHONEOS_DEPLOYMENT_TARGET = 16.4;
				LD_RUNPATH_SEARCH_PATHS = (
					"@executable_path/Frameworks",
					"@loader_path/Frameworks",
				);
				"LD_RUNPATH_SEARCH_PATHS[sdk=macosx*]" = (
					"@executable_path/../Frameworks",
					"@loader_path/Frameworks",
				);
				MACOSX_DEPLOYMENT_TARGET = 13.3;
				MARKETING_VERSION = 1.0;
				MODULE_VERIFIER_SUPPORTED_LANGUAGES = "objective-c objective-c++";
				MODULE_VERIFIER_SUPPORTED_LANGUAGE_STANDARDS = "gnu11 gnu++20";
				PRODUCT_BUNDLE_IDENTIFIER = DaniilIgnatev.Plot;
				PRODUCT_NAME = "$(TARGET_NAME:c99extidentifier)";
				SDKROOT = auto;
				SKIP_INSTALL = YES;
				SUPPORTED_PLATFORMS = "iphoneos iphonesimulator macosx watchos watchsimulator";
				SUPPORTS_MACCATALYST = NO;
				SUPPORTS_MAC_DESIGNED_FOR_IPHONE_IPAD = NO;
				SWIFT_EMIT_LOC_STRINGS = YES;
				SWIFT_VERSION = 5.0;
				TARGETED_DEVICE_FAMILY = "1,2,4";
				VERSIONING_SYSTEM = "apple-generic";
				VERSION_INFO_PREFIX = "";
			};
			name = Release;
		};
		85618BCC2A6818C000A64549 /* Debug */ = {
			isa = XCBuildConfiguration;
			buildSettings = {
				ALWAYS_EMBED_SWIFT_STANDARD_LIBRARIES = YES;
				CODE_SIGN_STYLE = Automatic;
				CURRENT_PROJECT_VERSION = 1;
				DEVELOPMENT_TEAM = UA5WR73PS4;
				GENERATE_INFOPLIST_FILE = YES;
				IPHONEOS_DEPLOYMENT_TARGET = 16.4;
				MACOSX_DEPLOYMENT_TARGET = 13.3;
				MARKETING_VERSION = 1.0;
				PRODUCT_BUNDLE_IDENTIFIER = DaniilIgnatev.PlotTests;
				PRODUCT_NAME = "$(TARGET_NAME)";
				SDKROOT = auto;
				SUPPORTED_PLATFORMS = "iphoneos iphonesimulator macosx";
				SWIFT_EMIT_LOC_STRINGS = NO;
				SWIFT_VERSION = 5.0;
				TARGETED_DEVICE_FAMILY = "1,2";
				TEST_HOST = "$(BUILT_PRODUCTS_DIR)/ML_iOS.app/$(BUNDLE_EXECUTABLE_FOLDER_PATH)/ML_iOS";
			};
			name = Debug;
		};
		85618BCD2A6818C000A64549 /* Release */ = {
			isa = XCBuildConfiguration;
			buildSettings = {
				ALWAYS_EMBED_SWIFT_STANDARD_LIBRARIES = YES;
				CODE_SIGN_STYLE = Automatic;
				CURRENT_PROJECT_VERSION = 1;
				DEVELOPMENT_TEAM = UA5WR73PS4;
				GENERATE_INFOPLIST_FILE = YES;
				IPHONEOS_DEPLOYMENT_TARGET = 16.4;
				MACOSX_DEPLOYMENT_TARGET = 13.3;
				MARKETING_VERSION = 1.0;
				PRODUCT_BUNDLE_IDENTIFIER = DaniilIgnatev.PlotTests;
				PRODUCT_NAME = "$(TARGET_NAME)";
				SDKROOT = auto;
				SUPPORTED_PLATFORMS = "iphoneos iphonesimulator macosx";
				SWIFT_EMIT_LOC_STRINGS = NO;
				SWIFT_VERSION = 5.0;
				TARGETED_DEVICE_FAMILY = "1,2";
				TEST_HOST = "$(BUILT_PRODUCTS_DIR)/ML_iOS.app/$(BUNDLE_EXECUTABLE_FOLDER_PATH)/ML_iOS";
			};
			name = Release;
		};
		85B989452A67FB4C00EC1E8F /* Debug */ = {
			isa = XCBuildConfiguration;
			buildSettings = {
				ALWAYS_SEARCH_USER_PATHS = NO;
				CLANG_ANALYZER_NONNULL = YES;
				CLANG_ANALYZER_NUMBER_OBJECT_CONVERSION = YES_AGGRESSIVE;
				CLANG_CXX_LANGUAGE_STANDARD = "gnu++20";
				CLANG_ENABLE_MODULES = YES;
				CLANG_ENABLE_OBJC_ARC = YES;
				CLANG_ENABLE_OBJC_WEAK = YES;
				CLANG_WARN_BLOCK_CAPTURE_AUTORELEASING = YES;
				CLANG_WARN_BOOL_CONVERSION = YES;
				CLANG_WARN_COMMA = YES;
				CLANG_WARN_CONSTANT_CONVERSION = YES;
				CLANG_WARN_DEPRECATED_OBJC_IMPLEMENTATIONS = YES;
				CLANG_WARN_DIRECT_OBJC_ISA_USAGE = YES_ERROR;
				CLANG_WARN_DOCUMENTATION_COMMENTS = YES;
				CLANG_WARN_EMPTY_BODY = YES;
				CLANG_WARN_ENUM_CONVERSION = YES;
				CLANG_WARN_INFINITE_RECURSION = YES;
				CLANG_WARN_INT_CONVERSION = YES;
				CLANG_WARN_NON_LITERAL_NULL_CONVERSION = YES;
				CLANG_WARN_OBJC_IMPLICIT_RETAIN_SELF = YES;
				CLANG_WARN_OBJC_LITERAL_CONVERSION = YES;
				CLANG_WARN_OBJC_ROOT_CLASS = YES_ERROR;
				CLANG_WARN_QUOTED_INCLUDE_IN_FRAMEWORK_HEADER = YES;
				CLANG_WARN_RANGE_LOOP_ANALYSIS = YES;
				CLANG_WARN_STRICT_PROTOTYPES = YES;
				CLANG_WARN_SUSPICIOUS_MOVE = YES;
				CLANG_WARN_UNGUARDED_AVAILABILITY = YES_AGGRESSIVE;
				CLANG_WARN_UNREACHABLE_CODE = YES;
				CLANG_WARN__DUPLICATE_METHOD_MATCH = YES;
				COPY_PHASE_STRIP = NO;
				DEBUG_INFORMATION_FORMAT = dwarf;
				ENABLE_STRICT_OBJC_MSGSEND = YES;
				ENABLE_TESTABILITY = YES;
				GCC_C_LANGUAGE_STANDARD = gnu11;
				GCC_DYNAMIC_NO_PIC = NO;
				GCC_NO_COMMON_BLOCKS = YES;
				GCC_OPTIMIZATION_LEVEL = 0;
				GCC_PREPROCESSOR_DEFINITIONS = (
					"DEBUG=1",
					"$(inherited)",
				);
				GCC_WARN_64_TO_32_BIT_CONVERSION = YES;
				GCC_WARN_ABOUT_RETURN_TYPE = YES_ERROR;
				GCC_WARN_UNDECLARED_SELECTOR = YES;
				GCC_WARN_UNINITIALIZED_AUTOS = YES_AGGRESSIVE;
				GCC_WARN_UNUSED_FUNCTION = YES;
				GCC_WARN_UNUSED_VARIABLE = YES;
				MTL_ENABLE_DEBUG_INFO = INCLUDE_SOURCE;
				MTL_FAST_MATH = YES;
				ONLY_ACTIVE_ARCH = YES;
				SWIFT_ACTIVE_COMPILATION_CONDITIONS = DEBUG;
				SWIFT_OPTIMIZATION_LEVEL = "-Onone";
			};
			name = Debug;
		};
		85B989462A67FB4C00EC1E8F /* Release */ = {
			isa = XCBuildConfiguration;
			buildSettings = {
				ALWAYS_SEARCH_USER_PATHS = NO;
				CLANG_ANALYZER_NONNULL = YES;
				CLANG_ANALYZER_NUMBER_OBJECT_CONVERSION = YES_AGGRESSIVE;
				CLANG_CXX_LANGUAGE_STANDARD = "gnu++20";
				CLANG_ENABLE_MODULES = YES;
				CLANG_ENABLE_OBJC_ARC = YES;
				CLANG_ENABLE_OBJC_WEAK = YES;
				CLANG_WARN_BLOCK_CAPTURE_AUTORELEASING = YES;
				CLANG_WARN_BOOL_CONVERSION = YES;
				CLANG_WARN_COMMA = YES;
				CLANG_WARN_CONSTANT_CONVERSION = YES;
				CLANG_WARN_DEPRECATED_OBJC_IMPLEMENTATIONS = YES;
				CLANG_WARN_DIRECT_OBJC_ISA_USAGE = YES_ERROR;
				CLANG_WARN_DOCUMENTATION_COMMENTS = YES;
				CLANG_WARN_EMPTY_BODY = YES;
				CLANG_WARN_ENUM_CONVERSION = YES;
				CLANG_WARN_INFINITE_RECURSION = YES;
				CLANG_WARN_INT_CONVERSION = YES;
				CLANG_WARN_NON_LITERAL_NULL_CONVERSION = YES;
				CLANG_WARN_OBJC_IMPLICIT_RETAIN_SELF = YES;
				CLANG_WARN_OBJC_LITERAL_CONVERSION = YES;
				CLANG_WARN_OBJC_ROOT_CLASS = YES_ERROR;
				CLANG_WARN_QUOTED_INCLUDE_IN_FRAMEWORK_HEADER = YES;
				CLANG_WARN_RANGE_LOOP_ANALYSIS = YES;
				CLANG_WARN_STRICT_PROTOTYPES = YES;
				CLANG_WARN_SUSPICIOUS_MOVE = YES;
				CLANG_WARN_UNGUARDED_AVAILABILITY = YES_AGGRESSIVE;
				CLANG_WARN_UNREACHABLE_CODE = YES;
				CLANG_WARN__DUPLICATE_METHOD_MATCH = YES;
				COPY_PHASE_STRIP = NO;
				DEBUG_INFORMATION_FORMAT = "dwarf-with-dsym";
				ENABLE_NS_ASSERTIONS = NO;
				ENABLE_STRICT_OBJC_MSGSEND = YES;
				GCC_C_LANGUAGE_STANDARD = gnu11;
				GCC_NO_COMMON_BLOCKS = YES;
				GCC_WARN_64_TO_32_BIT_CONVERSION = YES;
				GCC_WARN_ABOUT_RETURN_TYPE = YES_ERROR;
				GCC_WARN_UNDECLARED_SELECTOR = YES;
				GCC_WARN_UNINITIALIZED_AUTOS = YES_AGGRESSIVE;
				GCC_WARN_UNUSED_FUNCTION = YES;
				GCC_WARN_UNUSED_VARIABLE = YES;
				MTL_ENABLE_DEBUG_INFO = NO;
				MTL_FAST_MATH = YES;
				SWIFT_COMPILATION_MODE = wholemodule;
				SWIFT_OPTIMIZATION_LEVEL = "-O";
			};
			name = Release;
		};
		85B989482A67FB4C00EC1E8F /* Debug */ = {
			isa = XCBuildConfiguration;
			buildSettings = {
				ALWAYS_EMBED_SWIFT_STANDARD_LIBRARIES = YES;
				ASSETCATALOG_COMPILER_APPICON_NAME = AppIcon;
				ASSETCATALOG_COMPILER_GLOBAL_ACCENT_COLOR_NAME = AccentColor;
				CODE_SIGN_ENTITLEMENTS = ML_iOS/ML_iOS.entitlements;
				CODE_SIGN_STYLE = Automatic;
				CURRENT_PROJECT_VERSION = 1;
				DEVELOPMENT_ASSET_PATHS = "\"ML_iOS/Preview Content\"";
				DEVELOPMENT_TEAM = UA5WR73PS4;
				ENABLE_HARDENED_RUNTIME = YES;
				ENABLE_PREVIEWS = YES;
				GENERATE_INFOPLIST_FILE = YES;
				"INFOPLIST_KEY_UIApplicationSceneManifest_Generation[sdk=iphoneos*]" = YES;
				"INFOPLIST_KEY_UIApplicationSceneManifest_Generation[sdk=iphonesimulator*]" = YES;
				"INFOPLIST_KEY_UIApplicationSupportsIndirectInputEvents[sdk=iphoneos*]" = YES;
				"INFOPLIST_KEY_UIApplicationSupportsIndirectInputEvents[sdk=iphonesimulator*]" = YES;
				"INFOPLIST_KEY_UILaunchScreen_Generation[sdk=iphoneos*]" = YES;
				"INFOPLIST_KEY_UILaunchScreen_Generation[sdk=iphonesimulator*]" = YES;
				"INFOPLIST_KEY_UIStatusBarStyle[sdk=iphoneos*]" = UIStatusBarStyleDefault;
				"INFOPLIST_KEY_UIStatusBarStyle[sdk=iphonesimulator*]" = UIStatusBarStyleDefault;
				INFOPLIST_KEY_UISupportedInterfaceOrientations_iPad = "UIInterfaceOrientationPortrait UIInterfaceOrientationPortraitUpsideDown UIInterfaceOrientationLandscapeLeft UIInterfaceOrientationLandscapeRight";
				INFOPLIST_KEY_UISupportedInterfaceOrientations_iPhone = "UIInterfaceOrientationPortrait UIInterfaceOrientationLandscapeLeft UIInterfaceOrientationLandscapeRight";
				IPHONEOS_DEPLOYMENT_TARGET = 16.4;
				LD_RUNPATH_SEARCH_PATHS = "@executable_path/Frameworks";
				"LD_RUNPATH_SEARCH_PATHS[sdk=macosx*]" = "@executable_path/../Frameworks";
				MACOSX_DEPLOYMENT_TARGET = 13.3;
				MARKETING_VERSION = 1.0;
				PRODUCT_BUNDLE_IDENTIFIER = "DaniilIgnatev.ML-iOS";
				PRODUCT_NAME = "$(TARGET_NAME)";
				SDKROOT = auto;
				SUPPORTED_PLATFORMS = "iphoneos iphonesimulator macosx";
				SWIFT_EMIT_LOC_STRINGS = YES;
				SWIFT_VERSION = 5.0;
				TARGETED_DEVICE_FAMILY = "1,2";
			};
			name = Debug;
		};
		85B989492A67FB4C00EC1E8F /* Release */ = {
			isa = XCBuildConfiguration;
			buildSettings = {
				ALWAYS_EMBED_SWIFT_STANDARD_LIBRARIES = YES;
				ASSETCATALOG_COMPILER_APPICON_NAME = AppIcon;
				ASSETCATALOG_COMPILER_GLOBAL_ACCENT_COLOR_NAME = AccentColor;
				CODE_SIGN_ENTITLEMENTS = ML_iOS/ML_iOS.entitlements;
				CODE_SIGN_STYLE = Automatic;
				CURRENT_PROJECT_VERSION = 1;
				DEVELOPMENT_ASSET_PATHS = "\"ML_iOS/Preview Content\"";
				DEVELOPMENT_TEAM = UA5WR73PS4;
				ENABLE_HARDENED_RUNTIME = YES;
				ENABLE_PREVIEWS = YES;
				GENERATE_INFOPLIST_FILE = YES;
				"INFOPLIST_KEY_UIApplicationSceneManifest_Generation[sdk=iphoneos*]" = YES;
				"INFOPLIST_KEY_UIApplicationSceneManifest_Generation[sdk=iphonesimulator*]" = YES;
				"INFOPLIST_KEY_UIApplicationSupportsIndirectInputEvents[sdk=iphoneos*]" = YES;
				"INFOPLIST_KEY_UIApplicationSupportsIndirectInputEvents[sdk=iphonesimulator*]" = YES;
				"INFOPLIST_KEY_UILaunchScreen_Generation[sdk=iphoneos*]" = YES;
				"INFOPLIST_KEY_UILaunchScreen_Generation[sdk=iphonesimulator*]" = YES;
				"INFOPLIST_KEY_UIStatusBarStyle[sdk=iphoneos*]" = UIStatusBarStyleDefault;
				"INFOPLIST_KEY_UIStatusBarStyle[sdk=iphonesimulator*]" = UIStatusBarStyleDefault;
				INFOPLIST_KEY_UISupportedInterfaceOrientations_iPad = "UIInterfaceOrientationPortrait UIInterfaceOrientationPortraitUpsideDown UIInterfaceOrientationLandscapeLeft UIInterfaceOrientationLandscapeRight";
				INFOPLIST_KEY_UISupportedInterfaceOrientations_iPhone = "UIInterfaceOrientationPortrait UIInterfaceOrientationLandscapeLeft UIInterfaceOrientationLandscapeRight";
				IPHONEOS_DEPLOYMENT_TARGET = 16.4;
				LD_RUNPATH_SEARCH_PATHS = "@executable_path/Frameworks";
				"LD_RUNPATH_SEARCH_PATHS[sdk=macosx*]" = "@executable_path/../Frameworks";
				MACOSX_DEPLOYMENT_TARGET = 13.3;
				MARKETING_VERSION = 1.0;
				PRODUCT_BUNDLE_IDENTIFIER = "DaniilIgnatev.ML-iOS";
				PRODUCT_NAME = "$(TARGET_NAME)";
				SDKROOT = auto;
				SUPPORTED_PLATFORMS = "iphoneos iphonesimulator macosx";
				SWIFT_EMIT_LOC_STRINGS = YES;
				SWIFT_VERSION = 5.0;
				TARGETED_DEVICE_FAMILY = "1,2";
			};
			name = Release;
		};
		85B9894B2A67FB4C00EC1E8F /* Debug */ = {
			isa = XCBuildConfiguration;
			buildSettings = {
				ALWAYS_EMBED_SWIFT_STANDARD_LIBRARIES = YES;
				BUNDLE_LOADER = "$(TEST_HOST)";
				CODE_SIGN_STYLE = Automatic;
				CURRENT_PROJECT_VERSION = 1;
				DEVELOPMENT_TEAM = UA5WR73PS4;
				GENERATE_INFOPLIST_FILE = YES;
				IPHONEOS_DEPLOYMENT_TARGET = 16.4;
				MACOSX_DEPLOYMENT_TARGET = 13.3;
				MARKETING_VERSION = 1.0;
				PRODUCT_BUNDLE_IDENTIFIER = "DaniilIgnatev.ML-iOSTests";
				PRODUCT_NAME = "$(TARGET_NAME)";
				SDKROOT = auto;
				SUPPORTED_PLATFORMS = "iphoneos iphonesimulator macosx";
				SWIFT_EMIT_LOC_STRINGS = NO;
				SWIFT_VERSION = 5.0;
				TARGETED_DEVICE_FAMILY = "1,2";
				TEST_HOST = "$(BUILT_PRODUCTS_DIR)/ML_iOS.app/$(BUNDLE_EXECUTABLE_FOLDER_PATH)/ML_iOS";
			};
			name = Debug;
		};
		85B9894C2A67FB4C00EC1E8F /* Release */ = {
			isa = XCBuildConfiguration;
			buildSettings = {
				ALWAYS_EMBED_SWIFT_STANDARD_LIBRARIES = YES;
				BUNDLE_LOADER = "$(TEST_HOST)";
				CODE_SIGN_STYLE = Automatic;
				CURRENT_PROJECT_VERSION = 1;
				DEVELOPMENT_TEAM = UA5WR73PS4;
				GENERATE_INFOPLIST_FILE = YES;
				IPHONEOS_DEPLOYMENT_TARGET = 16.4;
				MACOSX_DEPLOYMENT_TARGET = 13.3;
				MARKETING_VERSION = 1.0;
				PRODUCT_BUNDLE_IDENTIFIER = "DaniilIgnatev.ML-iOSTests";
				PRODUCT_NAME = "$(TARGET_NAME)";
				SDKROOT = auto;
				SUPPORTED_PLATFORMS = "iphoneos iphonesimulator macosx";
				SWIFT_EMIT_LOC_STRINGS = NO;
				SWIFT_VERSION = 5.0;
				TARGETED_DEVICE_FAMILY = "1,2";
				TEST_HOST = "$(BUILT_PRODUCTS_DIR)/ML_iOS.app/$(BUNDLE_EXECUTABLE_FOLDER_PATH)/ML_iOS";
			};
			name = Release;
		};
		85B9894E2A67FB4C00EC1E8F /* Debug */ = {
			isa = XCBuildConfiguration;
			buildSettings = {
				ALWAYS_EMBED_SWIFT_STANDARD_LIBRARIES = YES;
				CODE_SIGN_STYLE = Automatic;
				CURRENT_PROJECT_VERSION = 1;
				DEVELOPMENT_TEAM = UA5WR73PS4;
				GENERATE_INFOPLIST_FILE = YES;
				IPHONEOS_DEPLOYMENT_TARGET = 16.4;
				MACOSX_DEPLOYMENT_TARGET = 13.3;
				MARKETING_VERSION = 1.0;
				PRODUCT_BUNDLE_IDENTIFIER = "DaniilIgnatev.ML-iOSUITests";
				PRODUCT_NAME = "$(TARGET_NAME)";
				SDKROOT = auto;
				SUPPORTED_PLATFORMS = "iphoneos iphonesimulator macosx";
				SWIFT_EMIT_LOC_STRINGS = NO;
				SWIFT_VERSION = 5.0;
				TARGETED_DEVICE_FAMILY = "1,2";
				TEST_TARGET_NAME = ML_iOS;
			};
			name = Debug;
		};
		85B9894F2A67FB4C00EC1E8F /* Release */ = {
			isa = XCBuildConfiguration;
			buildSettings = {
				ALWAYS_EMBED_SWIFT_STANDARD_LIBRARIES = YES;
				CODE_SIGN_STYLE = Automatic;
				CURRENT_PROJECT_VERSION = 1;
				DEVELOPMENT_TEAM = UA5WR73PS4;
				GENERATE_INFOPLIST_FILE = YES;
				IPHONEOS_DEPLOYMENT_TARGET = 16.4;
				MACOSX_DEPLOYMENT_TARGET = 13.3;
				MARKETING_VERSION = 1.0;
				PRODUCT_BUNDLE_IDENTIFIER = "DaniilIgnatev.ML-iOSUITests";
				PRODUCT_NAME = "$(TARGET_NAME)";
				SDKROOT = auto;
				SUPPORTED_PLATFORMS = "iphoneos iphonesimulator macosx";
				SWIFT_EMIT_LOC_STRINGS = NO;
				SWIFT_VERSION = 5.0;
				TARGETED_DEVICE_FAMILY = "1,2";
				TEST_TARGET_NAME = ML_iOS;
			};
			name = Release;
		};
/* End XCBuildConfiguration section */

/* Begin XCConfigurationList section */
		85618B7C2A6817EF00A64549 /* Build configuration list for PBXNativeTarget "ML_watchOS Watch App" */ = {
			isa = XCConfigurationList;
			buildConfigurations = (
				85618B7D2A6817EF00A64549 /* Debug */,
				85618B7E2A6817EF00A64549 /* Release */,
			);
			defaultConfigurationIsVisible = 0;
			defaultConfigurationName = Release;
		};
		85618B802A6817EF00A64549 /* Build configuration list for PBXNativeTarget "ML_watchOS" */ = {
			isa = XCConfigurationList;
			buildConfigurations = (
				85618B812A6817EF00A64549 /* Debug */,
				85618B822A6817EF00A64549 /* Release */,
			);
			defaultConfigurationIsVisible = 0;
			defaultConfigurationName = Release;
		};
		85618B832A6817EF00A64549 /* Build configuration list for PBXNativeTarget "ML_watchOS Watch AppTests" */ = {
			isa = XCConfigurationList;
			buildConfigurations = (
				85618B842A6817EF00A64549 /* Debug */,
				85618B852A6817EF00A64549 /* Release */,
			);
			defaultConfigurationIsVisible = 0;
			defaultConfigurationName = Release;
		};
		85618B862A6817EF00A64549 /* Build configuration list for PBXNativeTarget "ML_watchOS Watch AppUITests" */ = {
			isa = XCConfigurationList;
			buildConfigurations = (
				85618B872A6817EF00A64549 /* Debug */,
				85618B882A6817EF00A64549 /* Release */,
			);
			defaultConfigurationIsVisible = 0;
			defaultConfigurationName = Release;
		};
		85618BA52A68187F00A64549 /* Build configuration list for PBXNativeTarget "Math" */ = {
			isa = XCConfigurationList;
			buildConfigurations = (
				85618BA62A68187F00A64549 /* Debug */,
				85618BA72A68187F00A64549 /* Release */,
			);
			defaultConfigurationIsVisible = 0;
			defaultConfigurationName = Release;
		};
		85618BA92A68187F00A64549 /* Build configuration list for PBXNativeTarget "MathTests" */ = {
			isa = XCConfigurationList;
			buildConfigurations = (
				85618BAA2A68187F00A64549 /* Debug */,
				85618BAB2A68187F00A64549 /* Release */,
			);
			defaultConfigurationIsVisible = 0;
			defaultConfigurationName = Release;
		};
		85618BC82A6818C000A64549 /* Build configuration list for PBXNativeTarget "Plot" */ = {
			isa = XCConfigurationList;
			buildConfigurations = (
				85618BC92A6818C000A64549 /* Debug */,
				85618BCA2A6818C000A64549 /* Release */,
			);
			defaultConfigurationIsVisible = 0;
			defaultConfigurationName = Release;
		};
		85618BCB2A6818C000A64549 /* Build configuration list for PBXNativeTarget "PlotTests" */ = {
			isa = XCConfigurationList;
			buildConfigurations = (
				85618BCC2A6818C000A64549 /* Debug */,
				85618BCD2A6818C000A64549 /* Release */,
			);
			defaultConfigurationIsVisible = 0;
			defaultConfigurationName = Release;
		};
		85B9891D2A67FB4C00EC1E8F /* Build configuration list for PBXProject "ML_iOS" */ = {
			isa = XCConfigurationList;
			buildConfigurations = (
				85B989452A67FB4C00EC1E8F /* Debug */,
				85B989462A67FB4C00EC1E8F /* Release */,
			);
			defaultConfigurationIsVisible = 0;
			defaultConfigurationName = Release;
		};
		85B989472A67FB4C00EC1E8F /* Build configuration list for PBXNativeTarget "ML_iOS" */ = {
			isa = XCConfigurationList;
			buildConfigurations = (
				85B989482A67FB4C00EC1E8F /* Debug */,
				85B989492A67FB4C00EC1E8F /* Release */,
			);
			defaultConfigurationIsVisible = 0;
			defaultConfigurationName = Release;
		};
		85B9894A2A67FB4C00EC1E8F /* Build configuration list for PBXNativeTarget "ML_iOSTests" */ = {
			isa = XCConfigurationList;
			buildConfigurations = (
				85B9894B2A67FB4C00EC1E8F /* Debug */,
				85B9894C2A67FB4C00EC1E8F /* Release */,
			);
			defaultConfigurationIsVisible = 0;
			defaultConfigurationName = Release;
		};
		85B9894D2A67FB4C00EC1E8F /* Build configuration list for PBXNativeTarget "ML_iOSUITests" */ = {
			isa = XCConfigurationList;
			buildConfigurations = (
				85B9894E2A67FB4C00EC1E8F /* Debug */,
				85B9894F2A67FB4C00EC1E8F /* Release */,
			);
			defaultConfigurationIsVisible = 0;
			defaultConfigurationName = Release;
		};
/* End XCConfigurationList section */
	};
	rootObject = 85B9891A2A67FB4C00EC1E8F /* Project object */;
}
